<?xml version="1.0" encoding="utf-8"?>
<Project ToolsVersion="4.0" xmlns="http://schemas.microsoft.com/developer/msbuild/2003">
  <ItemGroup>
    <ClCompile Include="object.cpp" />
  </ItemGroup>
  <ItemGroup>
    <ClInclude Include="object.h" />
    <ClInclude Include="factroy.h" />
    <ClInclude Include="singleton.h" />
  </ItemGroup>
</Project>