// !$*UTF8*$!
{
	archiveVersion = 1;
	classes = {
	};
	objectVersion = 46;
	objects = {

/* Begin PBXBuildFile section */
		9222552C1853234000D6C90F /* CoreMotion.framework in Frameworks */ = {isa = PBXBuildFile; fileRef = 9222552B1853234000D6C90F /* CoreMotion.framework */; };
		92225594185325DC00D6C90F /* AppController.mm in Sources */ = {isa = PBXBuildFile; fileRef = 92225588185325DC00D6C90F /* AppController.mm */; };
		92225595185325DC00D6C90F /* Default-568h@2x.png in Resources */ = {isa = PBXBuildFile; fileRef = 92225589185325DC00D6C90F /* Default-568h@2x.png */; };
		92225596185325DC00D6C90F /* Default.png in Resources */ = {isa = PBXBuildFile; fileRef = 9222558A185325DC00D6C90F /* Default.png */; };
		92225597185325DC00D6C90F /* Default@2x.png in Resources */ = {isa = PBXBuildFile; fileRef = 9222558B185325DC00D6C90F /* Default@2x.png */; };
		92225598185325DC00D6C90F /* Icon-114.png in Resources */ = {isa = PBXBuildFile; fileRef = 9222558C185325DC00D6C90F /* Icon-114.png */; };
		92225599185325DC00D6C90F /* Icon-144.png in Resources */ = {isa = PBXBuildFile; fileRef = 9222558D185325DC00D6C90F /* Icon-144.png */; };
		9222559A185325DC00D6C90F /* Icon-57.png in Resources */ = {isa = PBXBuildFile; fileRef = 9222558E185325DC00D6C90F /* Icon-57.png */; };
		9222559B185325DC00D6C90F /* Icon-72.png in Resources */ = {isa = PBXBuildFile; fileRef = 9222558F185325DC00D6C90F /* Icon-72.png */; };
		9222559D185325DC00D6C90F /* main.m in Sources */ = {isa = PBXBuildFile; fileRef = 92225591185325DC00D6C90F /* main.m */; };
		9222559E185325DC00D6C90F /* RootViewController.mm in Sources */ = {isa = PBXBuildFile; fileRef = 92225593185325DC00D6C90F /* RootViewController.mm */; };
		9222562A1853265900D6C90F /* cocostudio in Resources */ = {isa = PBXBuildFile; fileRef = 922256271853265900D6C90F /* cocostudio */; };
		9222562B1853265A00D6C90F /* cocostudio in Resources */ = {isa = PBXBuildFile; fileRef = 922256271853265900D6C90F /* cocostudio */; };
		9222562C1853265A00D6C90F /* luascript in Resources */ = {isa = PBXBuildFile; fileRef = 922256281853265900D6C90F /* luascript */; };
		9222562D1853265A00D6C90F /* luascript in Resources */ = {isa = PBXBuildFile; fileRef = 922256281853265900D6C90F /* luascript */; };
		9222562E1853265A00D6C90F /* tiledmap in Resources */ = {isa = PBXBuildFile; fileRef = 922256291853265900D6C90F /* tiledmap */; };
		9222562F1853265A00D6C90F /* tiledmap in Resources */ = {isa = PBXBuildFile; fileRef = 922256291853265900D6C90F /* tiledmap */; };
		9233B88E181156950095D07F /* AVFoundation.framework in Frameworks */ = {isa = PBXBuildFile; fileRef = 9233B87E181156950095D07F /* AVFoundation.framework */; };
		9233B890181156950095D07F /* UIKit.framework in Frameworks */ = {isa = PBXBuildFile; fileRef = 9233B87F181156950095D07F /* UIKit.framework */; };
		9233B892181156950095D07F /* CoreGraphics.framework in Frameworks */ = {isa = PBXBuildFile; fileRef = 9233B880181156950095D07F /* CoreGraphics.framework */; };
		9233B894181156950095D07F /* OpenGLES.framework in Frameworks */ = {isa = PBXBuildFile; fileRef = 9233B881181156950095D07F /* OpenGLES.framework */; };
		9233B897181156950095D07F /* libcurl.dylib in Frameworks */ = {isa = PBXBuildFile; fileRef = 9233B883181156950095D07F /* libcurl.dylib */; };
		9233B899181156950095D07F /* libz.dylib in Frameworks */ = {isa = PBXBuildFile; fileRef = 9233B884181156950095D07F /* libz.dylib */; };
		9233B89A181156950095D07F /* libz.dylib in Frameworks */ = {isa = PBXBuildFile; fileRef = 9233B884181156950095D07F /* libz.dylib */; };
		9233B89B181156950095D07F /* AudioToolbox.framework in Frameworks */ = {isa = PBXBuildFile; fileRef = 9233B885181156950095D07F /* AudioToolbox.framework */; };
		9233B89D181156950095D07F /* ApplicationServices.framework in Frameworks */ = {isa = PBXBuildFile; fileRef = 9233B886181156950095D07F /* ApplicationServices.framework */; };
		9233B89F181156950095D07F /* OpenAL.framework in Frameworks */ = {isa = PBXBuildFile; fileRef = 9233B887181156950095D07F /* OpenAL.framework */; };
		9233B8A0181156950095D07F /* OpenAL.framework in Frameworks */ = {isa = PBXBuildFile; fileRef = 9233B887181156950095D07F /* OpenAL.framework */; };
		9233B8A2181156950095D07F /* QuartzCore.framework in Frameworks */ = {isa = PBXBuildFile; fileRef = 9233B888181156950095D07F /* QuartzCore.framework */; };
		9233B8A3181156950095D07F /* OpenGL.framework in Frameworks */ = {isa = PBXBuildFile; fileRef = 9233B889181156950095D07F /* OpenGL.framework */; };
		9233B8A5181156950095D07F /* Cocoa.framework in Frameworks */ = {isa = PBXBuildFile; fileRef = 9233B88A181156950095D07F /* Cocoa.framework */; };
		9233B8A8181156950095D07F /* Foundation.framework in Frameworks */ = {isa = PBXBuildFile; fileRef = 9233B88B181156950095D07F /* Foundation.framework */; };
		9233B8A9181157310095D07F /* Foundation.framework in Frameworks */ = {isa = PBXBuildFile; fileRef = 9233B88B181156950095D07F /* Foundation.framework */; };
		9233B8AA181157410095D07F /* QuartzCore.framework in Frameworks */ = {isa = PBXBuildFile; fileRef = 9233B888181156950095D07F /* QuartzCore.framework */; };
		9233B8B4181158EB0095D07F /* libbox2d Mac.a in Frameworks */ = {isa = PBXBuildFile; fileRef = 9233B8AB181158EA0095D07F /* libbox2d Mac.a */; };
		9233B8B5181158EB0095D07F /* libchipmunk Mac.a in Frameworks */ = {isa = PBXBuildFile; fileRef = 9233B8AC181158EB0095D07F /* libchipmunk Mac.a */; };
		9233B8B6181158EB0095D07F /* libcocos2dx Mac.a in Frameworks */ = {isa = PBXBuildFile; fileRef = 9233B8AD181158EB0095D07F /* libcocos2dx Mac.a */; };
		9233B8B7181158EB0095D07F /* libcocos2dx-extensions Mac.a in Frameworks */ = {isa = PBXBuildFile; fileRef = 9233B8AE181158EB0095D07F /* libcocos2dx-extensions Mac.a */; };
		9233B8B8181158EB0095D07F /* libCocosDenshion Mac.a in Frameworks */ = {isa = PBXBuildFile; fileRef = 9233B8AF181158EB0095D07F /* libCocosDenshion Mac.a */; };
		9233B8B9181158EB0095D07F /* libengine Mac.a in Frameworks */ = {isa = PBXBuildFile; fileRef = 9233B8B0181158EB0095D07F /* libengine Mac.a */; };
		9233B8BA181158EB0095D07F /* libframework Mac.a in Frameworks */ = {isa = PBXBuildFile; fileRef = 9233B8B1181158EB0095D07F /* libframework Mac.a */; };
		9233B8BB181158EB0095D07F /* libjsbindings Mac.a in Frameworks */ = {isa = PBXBuildFile; fileRef = 9233B8B2181158EB0095D07F /* libjsbindings Mac.a */; };
		9233B8BC181158EB0095D07F /* libluabindings Mac.a in Frameworks */ = {isa = PBXBuildFile; fileRef = 9233B8B3181158EB0095D07F /* libluabindings Mac.a */; };
		9233B8D118115B300095D07F /* AudioToolbox.framework in Frameworks */ = {isa = PBXBuildFile; fileRef = 9233B8D018115B300095D07F /* AudioToolbox.framework */; };
		9233B8DC18115B3B0095D07F /* libchipmunk iOS.a in Frameworks */ = {isa = PBXBuildFile; fileRef = 9233B8D318115B3A0095D07F /* libchipmunk iOS.a */; };
		9233B8DD18115B3B0095D07F /* libcocos2dx iOS.a in Frameworks */ = {isa = PBXBuildFile; fileRef = 9233B8D418115B3A0095D07F /* libcocos2dx iOS.a */; };
		9233B8DE18115B3B0095D07F /* libcocos2dx-extensions iOS.a in Frameworks */ = {isa = PBXBuildFile; fileRef = 9233B8D518115B3A0095D07F /* libcocos2dx-extensions iOS.a */; };
		9233B8DF18115B3B0095D07F /* libCocosDenshion iOS.a in Frameworks */ = {isa = PBXBuildFile; fileRef = 9233B8D618115B3A0095D07F /* libCocosDenshion iOS.a */; };
		9233B8E018115B3B0095D07F /* libengine iOS.a in Frameworks */ = {isa = PBXBuildFile; fileRef = 9233B8D718115B3A0095D07F /* libengine iOS.a */; };
		9233B8E118115B3B0095D07F /* libframework iOS.a in Frameworks */ = {isa = PBXBuildFile; fileRef = 9233B8D818115B3A0095D07F /* libframework iOS.a */; };
		9233B8E218115B3B0095D07F /* libjsbindings iOS.a in Frameworks */ = {isa = PBXBuildFile; fileRef = 9233B8D918115B3A0095D07F /* libjsbindings iOS.a */; };
		9233B8E318115B3B0095D07F /* libluabindings iOS.a in Frameworks */ = {isa = PBXBuildFile; fileRef = 9233B8DA18115B3B0095D07F /* libluabindings iOS.a */; };
		925D9912182B60AA006BED71 /* libbox2d iOS.a in Frameworks */ = {isa = PBXBuildFile; fileRef = 925D9911182B60AA006BED71 /* libbox2d iOS.a */; };
		92D0296B187683DB00D02B72 /* image in Resources */ = {isa = PBXBuildFile; fileRef = 92D02969187683DB00D02B72 /* image */; };
		92D0296C187683DB00D02B72 /* image in Resources */ = {isa = PBXBuildFile; fileRef = 92D02969187683DB00D02B72 /* image */; };
		92D0296D187683DB00D02B72 /* plist in Resources */ = {isa = PBXBuildFile; fileRef = 92D0296A187683DB00D02B72 /* plist */; };
		92D0296E187683DB00D02B72 /* plist in Resources */ = {isa = PBXBuildFile; fileRef = 92D0296A187683DB00D02B72 /* plist */; };
		92D029A1187683F700D02B72 /* ICreature.cpp in Sources */ = {isa = PBXBuildFile; fileRef = 92D02970187683F700D02B72 /* ICreature.cpp */; };
		92D029A2187683F700D02B72 /* ICreature.cpp in Sources */ = {isa = PBXBuildFile; fileRef = 92D02970187683F700D02B72 /* ICreature.cpp */; };
		92D029A3187683F700D02B72 /* JumpDelegate.cpp in Sources */ = {isa = PBXBuildFile; fileRef = 92D02972187683F700D02B72 /* JumpDelegate.cpp */; };
		92D029A4187683F700D02B72 /* JumpDelegate.cpp in Sources */ = {isa = PBXBuildFile; fileRef = 92D02972187683F700D02B72 /* JumpDelegate.cpp */; };
		92D029A5187683F700D02B72 /* LocalPlayer.cpp in Sources */ = {isa = PBXBuildFile; fileRef = 92D02974187683F700D02B72 /* LocalPlayer.cpp */; };
		92D029A6187683F700D02B72 /* LocalPlayer.cpp in Sources */ = {isa = PBXBuildFile; fileRef = 92D02974187683F700D02B72 /* LocalPlayer.cpp */; };
		92D029A7187683F700D02B72 /* LuaSOFExtern.cpp in Sources */ = {isa = PBXBuildFile; fileRef = 92D02976187683F700D02B72 /* LuaSOFExtern.cpp */; };
		92D029A8187683F700D02B72 /* LuaSOFExtern.cpp in Sources */ = {isa = PBXBuildFile; fileRef = 92D02976187683F700D02B72 /* LuaSOFExtern.cpp */; };
		92D029A9187683F700D02B72 /* LuaUserDataConversion.cpp in Sources */ = {isa = PBXBuildFile; fileRef = 92D02978187683F700D02B72 /* LuaUserDataConversion.cpp */; };
		92D029AA187683F700D02B72 /* LuaUserDataConversion.cpp in Sources */ = {isa = PBXBuildFile; fileRef = 92D02978187683F700D02B72 /* LuaUserDataConversion.cpp */; };
		92D029AB187683F700D02B72 /* Model_CreatureHeader.cpp in Sources */ = {isa = PBXBuildFile; fileRef = 92D0297A187683F700D02B72 /* Model_CreatureHeader.cpp */; };
		92D029AC187683F700D02B72 /* Model_CreatureHeader.cpp in Sources */ = {isa = PBXBuildFile; fileRef = 92D0297A187683F700D02B72 /* Model_CreatureHeader.cpp */; };
		92D029AD187683F700D02B72 /* Model_GameScene.cpp in Sources */ = {isa = PBXBuildFile; fileRef = 92D0297C187683F700D02B72 /* Model_GameScene.cpp */; };
		92D029AE187683F700D02B72 /* Model_GameScene.cpp in Sources */ = {isa = PBXBuildFile; fileRef = 92D0297C187683F700D02B72 /* Model_GameScene.cpp */; };
		92D029AF187683F700D02B72 /* Model_Login.cpp in Sources */ = {isa = PBXBuildFile; fileRef = 92D0297E187683F700D02B72 /* Model_Login.cpp */; };
		92D029B0187683F700D02B72 /* Model_Login.cpp in Sources */ = {isa = PBXBuildFile; fileRef = 92D0297E187683F700D02B72 /* Model_Login.cpp */; };
		92D029B1187683F700D02B72 /* Model_SelectHero.cpp in Sources */ = {isa = PBXBuildFile; fileRef = 92D02980187683F700D02B72 /* Model_SelectHero.cpp */; };
		92D029B2187683F700D02B72 /* Model_SelectHero.cpp in Sources */ = {isa = PBXBuildFile; fileRef = 92D02980187683F700D02B72 /* Model_SelectHero.cpp */; };
		92D029B3187683F700D02B72 /* Monster.cpp in Sources */ = {isa = PBXBuildFile; fileRef = 92D02983187683F700D02B72 /* Monster.cpp */; };
		92D029B4187683F700D02B72 /* Monster.cpp in Sources */ = {isa = PBXBuildFile; fileRef = 92D02983187683F700D02B72 /* Monster.cpp */; };
		92D029B5187683F700D02B72 /* Physics_Box2dView.cpp in Sources */ = {isa = PBXBuildFile; fileRef = 92D02985187683F700D02B72 /* Physics_Box2dView.cpp */; };
		92D029B6187683F700D02B72 /* Physics_Box2dView.cpp in Sources */ = {isa = PBXBuildFile; fileRef = 92D02985187683F700D02B72 /* Physics_Box2dView.cpp */; };
		92D029B7187683F700D02B72 /* Physics_GameScene.cpp in Sources */ = {isa = PBXBuildFile; fileRef = 92D02987187683F700D02B72 /* Physics_GameScene.cpp */; };
		92D029B8187683F700D02B72 /* Physics_GameScene.cpp in Sources */ = {isa = PBXBuildFile; fileRef = 92D02987187683F700D02B72 /* Physics_GameScene.cpp */; };
		92D029B9187683F700D02B72 /* Player.cpp in Sources */ = {isa = PBXBuildFile; fileRef = 92D02989187683F700D02B72 /* Player.cpp */; };
		92D029BA187683F700D02B72 /* Player.cpp in Sources */ = {isa = PBXBuildFile; fileRef = 92D02989187683F700D02B72 /* Player.cpp */; };
		92D029BB187683F700D02B72 /* RootSceneView.cpp in Sources */ = {isa = PBXBuildFile; fileRef = 92D0298B187683F700D02B72 /* RootSceneView.cpp */; };
		92D029BC187683F700D02B72 /* RootSceneView.cpp in Sources */ = {isa = PBXBuildFile; fileRef = 92D0298B187683F700D02B72 /* RootSceneView.cpp */; };
		92D029BD187683F700D02B72 /* TopLevelView.cpp in Sources */ = {isa = PBXBuildFile; fileRef = 92D0298D187683F700D02B72 /* TopLevelView.cpp */; };
		92D029BE187683F700D02B72 /* TopLevelView.cpp in Sources */ = {isa = PBXBuildFile; fileRef = 92D0298D187683F700D02B72 /* TopLevelView.cpp */; };
		92D029BF187683F700D02B72 /* View_CreatureHeader.cpp in Sources */ = {isa = PBXBuildFile; fileRef = 92D0298F187683F700D02B72 /* View_CreatureHeader.cpp */; };
		92D029C0187683F700D02B72 /* View_CreatureHeader.cpp in Sources */ = {isa = PBXBuildFile; fileRef = 92D0298F187683F700D02B72 /* View_CreatureHeader.cpp */; };
		92D029C1187683F700D02B72 /* View_GameScene.cpp in Sources */ = {isa = PBXBuildFile; fileRef = 92D02991187683F700D02B72 /* View_GameScene.cpp */; };
		92D029C2187683F700D02B72 /* View_GameScene.cpp in Sources */ = {isa = PBXBuildFile; fileRef = 92D02991187683F700D02B72 /* View_GameScene.cpp */; };
		92D029C3187683F700D02B72 /* View_Login.cpp in Sources */ = {isa = PBXBuildFile; fileRef = 92D02993187683F700D02B72 /* View_Login.cpp */; };
		92D029C4187683F700D02B72 /* View_Login.cpp in Sources */ = {isa = PBXBuildFile; fileRef = 92D02993187683F700D02B72 /* View_Login.cpp */; };
		92D029C5187683F700D02B72 /* View_SelectHero.cpp in Sources */ = {isa = PBXBuildFile; fileRef = 92D02995187683F700D02B72 /* View_SelectHero.cpp */; };
		92D029C6187683F700D02B72 /* View_SelectHero.cpp in Sources */ = {isa = PBXBuildFile; fileRef = 92D02995187683F700D02B72 /* View_SelectHero.cpp */; };
		92D029C7187683F700D02B72 /* ViewModel_CreatureHeader.cpp in Sources */ = {isa = PBXBuildFile; fileRef = 92D02997187683F700D02B72 /* ViewModel_CreatureHeader.cpp */; };
		92D029C8187683F700D02B72 /* ViewModel_CreatureHeader.cpp in Sources */ = {isa = PBXBuildFile; fileRef = 92D02997187683F700D02B72 /* ViewModel_CreatureHeader.cpp */; };
		92D029C9187683F700D02B72 /* ViewModel_GameScene.cpp in Sources */ = {isa = PBXBuildFile; fileRef = 92D02999187683F700D02B72 /* ViewModel_GameScene.cpp */; };
		92D029CA187683F700D02B72 /* ViewModel_GameScene.cpp in Sources */ = {isa = PBXBuildFile; fileRef = 92D02999187683F700D02B72 /* ViewModel_GameScene.cpp */; };
		92D029CB187683F700D02B72 /* ViewModel_Login.cpp in Sources */ = {isa = PBXBuildFile; fileRef = 92D0299B187683F700D02B72 /* ViewModel_Login.cpp */; };
		92D029CC187683F700D02B72 /* ViewModel_Login.cpp in Sources */ = {isa = PBXBuildFile; fileRef = 92D0299B187683F700D02B72 /* ViewModel_Login.cpp */; };
		92D029CD187683F700D02B72 /* ViewModel_SelectHero.cpp in Sources */ = {isa = PBXBuildFile; fileRef = 92D0299D187683F700D02B72 /* ViewModel_SelectHero.cpp */; };
		92D029CE187683F700D02B72 /* ViewModel_SelectHero.cpp in Sources */ = {isa = PBXBuildFile; fileRef = 92D0299D187683F700D02B72 /* ViewModel_SelectHero.cpp */; };
		92D029CF187683F700D02B72 /* ViewModelManager.cpp in Sources */ = {isa = PBXBuildFile; fileRef = 92D0299F187683F700D02B72 /* ViewModelManager.cpp */; };
		92D029D0187683F700D02B72 /* ViewModelManager.cpp in Sources */ = {isa = PBXBuildFile; fileRef = 92D0299F187683F700D02B72 /* ViewModelManager.cpp */; };
		92EF2D1A1853105400CB9EA4 /* AppController.mm in Sources */ = {isa = PBXBuildFile; fileRef = 92EF2D151853105400CB9EA4 /* AppController.mm */; };
		92EF2D1B1853105400CB9EA4 /* en.lproj in Resources */ = {isa = PBXBuildFile; fileRef = 92EF2D161853105400CB9EA4 /* en.lproj */; };
		92EF2D1C1853105400CB9EA4 /* Icon.icns in Resources */ = {isa = PBXBuildFile; fileRef = 92EF2D171853105400CB9EA4 /* Icon.icns */; };
		92EF2D1D1853105400CB9EA4 /* Info.plist in Resources */ = {isa = PBXBuildFile; fileRef = 92EF2D181853105400CB9EA4 /* Info.plist */; };
		92EF2D1E1853105400CB9EA4 /* main.m in Sources */ = {isa = PBXBuildFile; fileRef = 92EF2D191853105400CB9EA4 /* main.m */; };
/* End PBXBuildFile section */

/* Begin PBXFileReference section */
		1A1197D71785363400D62A44 /* SOH.app */ = {isa = PBXFileReference; explicitFileType = wrapper.application; includeInIndex = 0; path = SOH.app; sourceTree = BUILT_PRODUCTS_DIR; };
		1A6FB56B17854FE400CDF010 /* SOH_Mac.app */ = {isa = PBXFileReference; explicitFileType = wrapper.application; includeInIndex = 0; path = SOH_Mac.app; sourceTree = BUILT_PRODUCTS_DIR; };
		9222552B1853234000D6C90F /* CoreMotion.framework */ = {isa = PBXFileReference; lastKnownFileType = wrapper.framework; name = CoreMotion.framework; path = Platforms/iPhoneOS.platform/Developer/SDKs/iPhoneOS7.0.sdk/System/Library/Frameworks/CoreMotion.framework; sourceTree = DEVELOPER_DIR; };
		92225587185325DB00D6C90F /* AppController.h */ = {isa = PBXFileReference; fileEncoding = 4; lastKnownFileType = sourcecode.c.h; path = AppController.h; sourceTree = "<group>"; };
		92225588185325DC00D6C90F /* AppController.mm */ = {isa = PBXFileReference; fileEncoding = 4; lastKnownFileType = sourcecode.cpp.objcpp; path = AppController.mm; sourceTree = "<group>"; };
		92225589185325DC00D6C90F /* Default-568h@2x.png */ = {isa = PBXFileReference; lastKnownFileType = image.png; path = "Default-568h@2x.png"; sourceTree = "<group>"; };
		9222558A185325DC00D6C90F /* Default.png */ = {isa = PBXFileReference; lastKnownFileType = image.png; path = Default.png; sourceTree = "<group>"; };
		9222558B185325DC00D6C90F /* Default@2x.png */ = {isa = PBXFileReference; lastKnownFileType = image.png; path = "Default@2x.png"; sourceTree = "<group>"; };
		9222558C185325DC00D6C90F /* Icon-114.png */ = {isa = PBXFileReference; lastKnownFileType = image.png; path = "Icon-114.png"; sourceTree = "<group>"; };
		9222558D185325DC00D6C90F /* Icon-144.png */ = {isa = PBXFileReference; lastKnownFileType = image.png; path = "Icon-144.png"; sourceTree = "<group>"; };
		9222558E185325DC00D6C90F /* Icon-57.png */ = {isa = PBXFileReference; lastKnownFileType = image.png; path = "Icon-57.png"; sourceTree = "<group>"; };
		9222558F185325DC00D6C90F /* Icon-72.png */ = {isa = PBXFileReference; lastKnownFileType = image.png; path = "Icon-72.png"; sourceTree = "<group>"; };
		92225591185325DC00D6C90F /* main.m */ = {isa = PBXFileReference; fileEncoding = 4; lastKnownFileType = sourcecode.c.objc; path = main.m; sourceTree = "<group>"; };
		92225592185325DC00D6C90F /* RootViewController.h */ = {isa = PBXFileReference; fileEncoding = 4; lastKnownFileType = sourcecode.c.h; path = RootViewController.h; sourceTree = "<group>"; };
		92225593185325DC00D6C90F /* RootViewController.mm */ = {isa = PBXFileReference; fileEncoding = 4; lastKnownFileType = sourcecode.cpp.objcpp; path = RootViewController.mm; sourceTree = "<group>"; };
		922256271853265900D6C90F /* cocostudio */ = {isa = PBXFileReference; lastKnownFileType = folder; path = cocostudio; sourceTree = "<group>"; };
		922256281853265900D6C90F /* luascript */ = {isa = PBXFileReference; lastKnownFileType = folder; path = luascript; sourceTree = "<group>"; };
		922256291853265900D6C90F /* tiledmap */ = {isa = PBXFileReference; lastKnownFileType = folder; path = tiledmap; sourceTree = "<group>"; };
		9233B87E181156950095D07F /* AVFoundation.framework */ = {isa = PBXFileReference; lastKnownFileType = wrapper.framework; name = AVFoundation.framework; path = Platforms/iPhoneOS.platform/Developer/SDKs/iPhoneOS7.0.sdk/System/Library/Frameworks/AVFoundation.framework; sourceTree = DEVELOPER_DIR; };
		9233B87F181156950095D07F /* UIKit.framework */ = {isa = PBXFileReference; lastKnownFileType = wrapper.framework; name = UIKit.framework; path = Platforms/iPhoneOS.platform/Developer/SDKs/iPhoneOS7.0.sdk/System/Library/Frameworks/UIKit.framework; sourceTree = DEVELOPER_DIR; };
		9233B880181156950095D07F /* CoreGraphics.framework */ = {isa = PBXFileReference; lastKnownFileType = wrapper.framework; name = CoreGraphics.framework; path = Platforms/iPhoneOS.platform/Developer/SDKs/iPhoneOS7.0.sdk/System/Library/Frameworks/CoreGraphics.framework; sourceTree = DEVELOPER_DIR; };
		9233B881181156950095D07F /* OpenGLES.framework */ = {isa = PBXFileReference; lastKnownFileType = wrapper.framework; name = OpenGLES.framework; path = Platforms/iPhoneOS.platform/Developer/SDKs/iPhoneOS7.0.sdk/System/Library/Frameworks/OpenGLES.framework; sourceTree = DEVELOPER_DIR; };
		9233B882181156950095D07F /* libsqlite3.dylib */ = {isa = PBXFileReference; lastKnownFileType = "compiled.mach-o.dylib"; name = libsqlite3.dylib; path = /Applications/Xcode.app/Contents/Developer/Platforms/MacOSX.platform/Developer/SDKs/MacOSX10.8.sdk/usr/lib/libsqlite3.dylib; sourceTree = "<absolute>"; };
		9233B883181156950095D07F /* libcurl.dylib */ = {isa = PBXFileReference; lastKnownFileType = "compiled.mach-o.dylib"; name = libcurl.dylib; path = /Applications/Xcode.app/Contents/Developer/Platforms/MacOSX.platform/Developer/SDKs/MacOSX10.8.sdk/usr/lib/libcurl.dylib; sourceTree = "<absolute>"; };
		9233B884181156950095D07F /* libz.dylib */ = {isa = PBXFileReference; lastKnownFileType = "compiled.mach-o.dylib"; name = libz.dylib; path = Platforms/MacOSX.platform/Developer/SDKs/MacOSX10.8.sdk/usr/lib/libz.dylib; sourceTree = DEVELOPER_DIR; };
		9233B885181156950095D07F /* AudioToolbox.framework */ = {isa = PBXFileReference; lastKnownFileType = wrapper.framework; name = AudioToolbox.framework; path = Platforms/MacOSX.platform/Developer/SDKs/MacOSX10.8.sdk/System/Library/Frameworks/AudioToolbox.framework; sourceTree = DEVELOPER_DIR; };
		9233B886181156950095D07F /* ApplicationServices.framework */ = {isa = PBXFileReference; lastKnownFileType = wrapper.framework; name = ApplicationServices.framework; path = Platforms/MacOSX.platform/Developer/SDKs/MacOSX10.8.sdk/System/Library/Frameworks/ApplicationServices.framework; sourceTree = DEVELOPER_DIR; };
		9233B887181156950095D07F /* OpenAL.framework */ = {isa = PBXFileReference; lastKnownFileType = wrapper.framework; name = OpenAL.framework; path = Platforms/MacOSX.platform/Developer/SDKs/MacOSX10.8.sdk/System/Library/Frameworks/OpenAL.framework; sourceTree = DEVELOPER_DIR; };
		9233B888181156950095D07F /* QuartzCore.framework */ = {isa = PBXFileReference; lastKnownFileType = wrapper.framework; name = QuartzCore.framework; path = Platforms/MacOSX.platform/Developer/SDKs/MacOSX10.8.sdk/System/Library/Frameworks/QuartzCore.framework; sourceTree = DEVELOPER_DIR; };
		9233B889181156950095D07F /* OpenGL.framework */ = {isa = PBXFileReference; lastKnownFileType = wrapper.framework; name = OpenGL.framework; path = Platforms/MacOSX.platform/Developer/SDKs/MacOSX10.8.sdk/System/Library/Frameworks/OpenGL.framework; sourceTree = DEVELOPER_DIR; };
		9233B88A181156950095D07F /* Cocoa.framework */ = {isa = PBXFileReference; lastKnownFileType = wrapper.framework; name = Cocoa.framework; path = Platforms/MacOSX.platform/Developer/SDKs/MacOSX10.8.sdk/System/Library/Frameworks/Cocoa.framework; sourceTree = DEVELOPER_DIR; };
		9233B88B181156950095D07F /* Foundation.framework */ = {isa = PBXFileReference; lastKnownFileType = wrapper.framework; name = Foundation.framework; path = Platforms/MacOSX.platform/Developer/SDKs/MacOSX10.8.sdk/System/Library/Frameworks/Foundation.framework; sourceTree = DEVELOPER_DIR; };
		9233B8AB181158EA0095D07F /* libbox2d Mac.a */ = {isa = PBXFileReference; lastKnownFileType = archive.ar; name = "libbox2d Mac.a"; path = "../../../Library/Developer/Xcode/DerivedData/ymproject-anrfhmfxcsksibbvclwbukhrgtpz/Build/Products/Debug/libbox2d Mac.a"; sourceTree = "<group>"; };
		9233B8AC181158EB0095D07F /* libchipmunk Mac.a */ = {isa = PBXFileReference; lastKnownFileType = archive.ar; name = "libchipmunk Mac.a"; path = "../../../Library/Developer/Xcode/DerivedData/ymproject-anrfhmfxcsksibbvclwbukhrgtpz/Build/Products/Debug/libchipmunk Mac.a"; sourceTree = "<group>"; };
		9233B8AD181158EB0095D07F /* libcocos2dx Mac.a */ = {isa = PBXFileReference; lastKnownFileType = archive.ar; name = "libcocos2dx Mac.a"; path = "../../../Library/Developer/Xcode/DerivedData/ymproject-anrfhmfxcsksibbvclwbukhrgtpz/Build/Products/Debug/libcocos2dx Mac.a"; sourceTree = "<group>"; };
		9233B8AE181158EB0095D07F /* libcocos2dx-extensions Mac.a */ = {isa = PBXFileReference; lastKnownFileType = archive.ar; name = "libcocos2dx-extensions Mac.a"; path = "../../../Library/Developer/Xcode/DerivedData/ymproject-anrfhmfxcsksibbvclwbukhrgtpz/Build/Products/Debug/libcocos2dx-extensions Mac.a"; sourceTree = "<group>"; };
		9233B8AF181158EB0095D07F /* libCocosDenshion Mac.a */ = {isa = PBXFileReference; lastKnownFileType = archive.ar; name = "libCocosDenshion Mac.a"; path = "../../../Library/Developer/Xcode/DerivedData/ymproject-anrfhmfxcsksibbvclwbukhrgtpz/Build/Products/Debug/libCocosDenshion Mac.a"; sourceTree = "<group>"; };
		9233B8B0181158EB0095D07F /* libengine Mac.a */ = {isa = PBXFileReference; lastKnownFileType = archive.ar; name = "libengine Mac.a"; path = "../../../Library/Developer/Xcode/DerivedData/ymproject-anrfhmfxcsksibbvclwbukhrgtpz/Build/Products/Debug/libengine Mac.a"; sourceTree = "<group>"; };
		9233B8B1181158EB0095D07F /* libframework Mac.a */ = {isa = PBXFileReference; lastKnownFileType = archive.ar; name = "libframework Mac.a"; path = "../../../Library/Developer/Xcode/DerivedData/ymproject-anrfhmfxcsksibbvclwbukhrgtpz/Build/Products/Debug/libframework Mac.a"; sourceTree = "<group>"; };
		9233B8B2181158EB0095D07F /* libjsbindings Mac.a */ = {isa = PBXFileReference; lastKnownFileType = archive.ar; name = "libjsbindings Mac.a"; path = "../../../Library/Developer/Xcode/DerivedData/ymproject-anrfhmfxcsksibbvclwbukhrgtpz/Build/Products/Debug/libjsbindings Mac.a"; sourceTree = "<group>"; };
		9233B8B3181158EB0095D07F /* libluabindings Mac.a */ = {isa = PBXFileReference; lastKnownFileType = archive.ar; name = "libluabindings Mac.a"; path = "../../../Library/Developer/Xcode/DerivedData/ymproject-anrfhmfxcsksibbvclwbukhrgtpz/Build/Products/Debug/libluabindings Mac.a"; sourceTree = "<group>"; };
		9233B8D018115B300095D07F /* AudioToolbox.framework */ = {isa = PBXFileReference; lastKnownFileType = wrapper.framework; name = AudioToolbox.framework; path = Platforms/iPhoneOS.platform/Developer/SDKs/iPhoneOS7.0.sdk/System/Library/Frameworks/AudioToolbox.framework; sourceTree = DEVELOPER_DIR; };
		9233B8D218115B3A0095D07F /* libbox2d iOS.a */ = {isa = PBXFileReference; lastKnownFileType = archive.ar; name = "libbox2d iOS.a"; path = "../cocos2d-x-3.0alpha0-pre/build/Debug-iphoneos/libbox2d iOS.a"; sourceTree = "<group>"; };
		9233B8D318115B3A0095D07F /* libchipmunk iOS.a */ = {isa = PBXFileReference; lastKnownFileType = archive.ar; name = "libchipmunk iOS.a"; path = "../cocos2d-x-3.0alpha0-pre/build/Debug-iphoneos/libchipmunk iOS.a"; sourceTree = "<group>"; };
		9233B8D418115B3A0095D07F /* libcocos2dx iOS.a */ = {isa = PBXFileReference; lastKnownFileType = archive.ar; name = "libcocos2dx iOS.a"; path = "../cocos2d-x-3.0alpha0-pre/build/Debug-iphoneos/libcocos2dx iOS.a"; sourceTree = "<group>"; };
		9233B8D518115B3A0095D07F /* libcocos2dx-extensions iOS.a */ = {isa = PBXFileReference; lastKnownFileType = archive.ar; name = "libcocos2dx-extensions iOS.a"; path = "../cocos2d-x-3.0alpha0-pre/build/Debug-iphoneos/libcocos2dx-extensions iOS.a"; sourceTree = "<group>"; };
		9233B8D618115B3A0095D07F /* libCocosDenshion iOS.a */ = {isa = PBXFileReference; lastKnownFileType = archive.ar; name = "libCocosDenshion iOS.a"; path = "../cocos2d-x-3.0alpha0-pre/build/Debug-iphoneos/libCocosDenshion iOS.a"; sourceTree = "<group>"; };
		9233B8D718115B3A0095D07F /* libengine iOS.a */ = {isa = PBXFileReference; lastKnownFileType = archive.ar; name = "libengine iOS.a"; path = "cocos/build/Debug-iphoneos/libengine iOS.a"; sourceTree = "<group>"; };
		9233B8D818115B3A0095D07F /* libframework iOS.a */ = {isa = PBXFileReference; lastKnownFileType = archive.ar; name = "libframework iOS.a"; path = "cocos/build/Debug-iphoneos/libframework iOS.a"; sourceTree = "<group>"; };
		9233B8D918115B3A0095D07F /* libjsbindings iOS.a */ = {isa = PBXFileReference; lastKnownFileType = archive.ar; name = "libjsbindings iOS.a"; path = "../cocos2d-x-3.0alpha0-pre/build/Debug-iphoneos/libjsbindings iOS.a"; sourceTree = "<group>"; };
		9233B8DA18115B3B0095D07F /* libluabindings iOS.a */ = {isa = PBXFileReference; lastKnownFileType = archive.ar; name = "libluabindings iOS.a"; path = "../cocos2d-x-3.0alpha0-pre/build/Debug-iphoneos/libluabindings iOS.a"; sourceTree = "<group>"; };
		925D9911182B60AA006BED71 /* libbox2d iOS.a */ = {isa = PBXFileReference; lastKnownFileType = archive.ar; name = "libbox2d iOS.a"; path = "../cocos2d-x-3.0alpha0-pre/build/Release-iphoneos/libbox2d iOS.a"; sourceTree = "<group>"; };
		92D02969187683DB00D02B72 /* image */ = {isa = PBXFileReference; lastKnownFileType = folder; path = image; sourceTree = "<group>"; };
		92D0296A187683DB00D02B72 /* plist */ = {isa = PBXFileReference; lastKnownFileType = folder; path = plist; sourceTree = "<group>"; };
		92D02970187683F700D02B72 /* ICreature.cpp */ = {isa = PBXFileReference; fileEncoding = 4; lastKnownFileType = sourcecode.cpp.cpp; path = ICreature.cpp; sourceTree = "<group>"; };
		92D02971187683F700D02B72 /* ICreature.h */ = {isa = PBXFileReference; fileEncoding = 4; lastKnownFileType = sourcecode.c.h; path = ICreature.h; sourceTree = "<group>"; };
		92D02972187683F700D02B72 /* JumpDelegate.cpp */ = {isa = PBXFileReference; fileEncoding = 4; lastKnownFileType = sourcecode.cpp.cpp; path = JumpDelegate.cpp; sourceTree = "<group>"; };
		92D02973187683F700D02B72 /* JumpDelegate.h */ = {isa = PBXFileReference; fileEncoding = 4; lastKnownFileType = sourcecode.c.h; path = JumpDelegate.h; sourceTree = "<group>"; };
		92D02974187683F700D02B72 /* LocalPlayer.cpp */ = {isa = PBXFileReference; fileEncoding = 4; lastKnownFileType = sourcecode.cpp.cpp; path = LocalPlayer.cpp; sourceTree = "<group>"; };
		92D02975187683F700D02B72 /* LocalPlayer.h */ = {isa = PBXFileReference; fileEncoding = 4; lastKnownFileType = sourcecode.c.h; path = LocalPlayer.h; sourceTree = "<group>"; };
		92D02976187683F700D02B72 /* LuaSOFExtern.cpp */ = {isa = PBXFileReference; fileEncoding = 4; lastKnownFileType = sourcecode.cpp.cpp; path = LuaSOFExtern.cpp; sourceTree = "<group>"; };
		92D02977187683F700D02B72 /* LuaSOFExtern.h */ = {isa = PBXFileReference; fileEncoding = 4; lastKnownFileType = sourcecode.c.h; path = LuaSOFExtern.h; sourceTree = "<group>"; };
		92D02978187683F700D02B72 /* LuaUserDataConversion.cpp */ = {isa = PBXFileReference; fileEncoding = 4; lastKnownFileType = sourcecode.cpp.cpp; path = LuaUserDataConversion.cpp; sourceTree = "<group>"; };
		92D02979187683F700D02B72 /* LuaUserDataConversion.h */ = {isa = PBXFileReference; fileEncoding = 4; lastKnownFileType = sourcecode.c.h; path = LuaUserDataConversion.h; sourceTree = "<group>"; };
		92D0297A187683F700D02B72 /* Model_CreatureHeader.cpp */ = {isa = PBXFileReference; fileEncoding = 4; lastKnownFileType = sourcecode.cpp.cpp; path = Model_CreatureHeader.cpp; sourceTree = "<group>"; };
		92D0297B187683F700D02B72 /* Model_CreatureHeader.h */ = {isa = PBXFileReference; fileEncoding = 4; lastKnownFileType = sourcecode.c.h; path = Model_CreatureHeader.h; sourceTree = "<group>"; };
		92D0297C187683F700D02B72 /* Model_GameScene.cpp */ = {isa = PBXFileReference; fileEncoding = 4; lastKnownFileType = sourcecode.cpp.cpp; path = Model_GameScene.cpp; sourceTree = "<group>"; };
		92D0297D187683F700D02B72 /* Model_GameScene.h */ = {isa = PBXFileReference; fileEncoding = 4; lastKnownFileType = sourcecode.c.h; path = Model_GameScene.h; sourceTree = "<group>"; };
		92D0297E187683F700D02B72 /* Model_Login.cpp */ = {isa = PBXFileReference; fileEncoding = 4; lastKnownFileType = sourcecode.cpp.cpp; path = Model_Login.cpp; sourceTree = "<group>"; };
		92D0297F187683F700D02B72 /* Model_Login.h */ = {isa = PBXFileReference; fileEncoding = 4; lastKnownFileType = sourcecode.c.h; path = Model_Login.h; sourceTree = "<group>"; };
		92D02980187683F700D02B72 /* Model_SelectHero.cpp */ = {isa = PBXFileReference; fileEncoding = 4; lastKnownFileType = sourcecode.cpp.cpp; path = Model_SelectHero.cpp; sourceTree = "<group>"; };
		92D02981187683F700D02B72 /* Model_SelectHero.h */ = {isa = PBXFileReference; fileEncoding = 4; lastKnownFileType = sourcecode.c.h; path = Model_SelectHero.h; sourceTree = "<group>"; };
		92D02982187683F700D02B72 /* ModelTypeDefine.h */ = {isa = PBXFileReference; fileEncoding = 4; lastKnownFileType = sourcecode.c.h; path = ModelTypeDefine.h; sourceTree = "<group>"; };
		92D02983187683F700D02B72 /* Monster.cpp */ = {isa = PBXFileReference; fileEncoding = 4; lastKnownFileType = sourcecode.cpp.cpp; path = Monster.cpp; sourceTree = "<group>"; };
		92D02984187683F700D02B72 /* Monster.h */ = {isa = PBXFileReference; fileEncoding = 4; lastKnownFileType = sourcecode.c.h; path = Monster.h; sourceTree = "<group>"; };
		92D02985187683F700D02B72 /* Physics_Box2dView.cpp */ = {isa = PBXFileReference; fileEncoding = 4; lastKnownFileType = sourcecode.cpp.cpp; path = Physics_Box2dView.cpp; sourceTree = "<group>"; };
		92D02986187683F700D02B72 /* Physics_Box2dView.h */ = {isa = PBXFileReference; fileEncoding = 4; lastKnownFileType = sourcecode.c.h; path = Physics_Box2dView.h; sourceTree = "<group>"; };
		92D02987187683F700D02B72 /* Physics_GameScene.cpp */ = {isa = PBXFileReference; fileEncoding = 4; lastKnownFileType = sourcecode.cpp.cpp; path = Physics_GameScene.cpp; sourceTree = "<group>"; };
		92D02988187683F700D02B72 /* Physics_GameScene.h */ = {isa = PBXFileReference; fileEncoding = 4; lastKnownFileType = sourcecode.c.h; path = Physics_GameScene.h; sourceTree = "<group>"; };
		92D02989187683F700D02B72 /* Player.cpp */ = {isa = PBXFileReference; fileEncoding = 4; lastKnownFileType = sourcecode.cpp.cpp; path = Player.cpp; sourceTree = "<group>"; };
		92D0298A187683F700D02B72 /* Player.h */ = {isa = PBXFileReference; fileEncoding = 4; lastKnownFileType = sourcecode.c.h; path = Player.h; sourceTree = "<group>"; };
		92D0298B187683F700D02B72 /* RootSceneView.cpp */ = {isa = PBXFileReference; fileEncoding = 4; lastKnownFileType = sourcecode.cpp.cpp; path = RootSceneView.cpp; sourceTree = "<group>"; };
		92D0298C187683F700D02B72 /* RootSceneView.h */ = {isa = PBXFileReference; fileEncoding = 4; lastKnownFileType = sourcecode.c.h; path = RootSceneView.h; sourceTree = "<group>"; };
		92D0298D187683F700D02B72 /* TopLevelView.cpp */ = {isa = PBXFileReference; fileEncoding = 4; lastKnownFileType = sourcecode.cpp.cpp; path = TopLevelView.cpp; sourceTree = "<group>"; };
		92D0298E187683F700D02B72 /* TopLevelView.h */ = {isa = PBXFileReference; fileEncoding = 4; lastKnownFileType = sourcecode.c.h; path = TopLevelView.h; sourceTree = "<group>"; };
		92D0298F187683F700D02B72 /* View_CreatureHeader.cpp */ = {isa = PBXFileReference; fileEncoding = 4; lastKnownFileType = sourcecode.cpp.cpp; path = View_CreatureHeader.cpp; sourceTree = "<group>"; };
		92D02990187683F700D02B72 /* View_CreatureHeader.h */ = {isa = PBXFileReference; fileEncoding = 4; lastKnownFileType = sourcecode.c.h; path = View_CreatureHeader.h; sourceTree = "<group>"; };
		92D02991187683F700D02B72 /* View_GameScene.cpp */ = {isa = PBXFileReference; fileEncoding = 4; lastKnownFileType = sourcecode.cpp.cpp; path = View_GameScene.cpp; sourceTree = "<group>"; };
		92D02992187683F700D02B72 /* View_GameScene.h */ = {isa = PBXFileReference; fileEncoding = 4; lastKnownFileType = sourcecode.c.h; path = View_GameScene.h; sourceTree = "<group>"; };
		92D02993187683F700D02B72 /* View_Login.cpp */ = {isa = PBXFileReference; fileEncoding = 4; lastKnownFileType = sourcecode.cpp.cpp; path = View_Login.cpp; sourceTree = "<group>"; };
		92D02994187683F700D02B72 /* View_Login.h */ = {isa = PBXFileReference; fileEncoding = 4; lastKnownFileType = sourcecode.c.h; path = View_Login.h; sourceTree = "<group>"; };
		92D02995187683F700D02B72 /* View_SelectHero.cpp */ = {isa = PBXFileReference; fileEncoding = 4; lastKnownFileType = sourcecode.cpp.cpp; path = View_SelectHero.cpp; sourceTree = "<group>"; };
		92D02996187683F700D02B72 /* View_SelectHero.h */ = {isa = PBXFileReference; fileEncoding = 4; lastKnownFileType = sourcecode.c.h; path = View_SelectHero.h; sourceTree = "<group>"; };
		92D02997187683F700D02B72 /* ViewModel_CreatureHeader.cpp */ = {isa = PBXFileReference; fileEncoding = 4; lastKnownFileType = sourcecode.cpp.cpp; path = ViewModel_CreatureHeader.cpp; sourceTree = "<group>"; };
		92D02998187683F700D02B72 /* ViewModel_CreatureHeader.h */ = {isa = PBXFileReference; fileEncoding = 4; lastKnownFileType = sourcecode.c.h; path = ViewModel_CreatureHeader.h; sourceTree = "<group>"; };
		92D02999187683F700D02B72 /* ViewModel_GameScene.cpp */ = {isa = PBXFileReference; fileEncoding = 4; lastKnownFileType = sourcecode.cpp.cpp; path = ViewModel_GameScene.cpp; sourceTree = "<group>"; };
		92D0299A187683F700D02B72 /* ViewModel_GameScene.h */ = {isa = PBXFileReference; fileEncoding = 4; lastKnownFileType = sourcecode.c.h; path = ViewModel_GameScene.h; sourceTree = "<group>"; };
		92D0299B187683F700D02B72 /* ViewModel_Login.cpp */ = {isa = PBXFileReference; fileEncoding = 4; lastKnownFileType = sourcecode.cpp.cpp; path = ViewModel_Login.cpp; sourceTree = "<group>"; };
		92D0299C187683F700D02B72 /* ViewModel_Login.h */ = {isa = PBXFileReference; fileEncoding = 4; lastKnownFileType = sourcecode.c.h; path = ViewModel_Login.h; sourceTree = "<group>"; };
		92D0299D187683F700D02B72 /* ViewModel_SelectHero.cpp */ = {isa = PBXFileReference; fileEncoding = 4; lastKnownFileType = sourcecode.cpp.cpp; path = ViewModel_SelectHero.cpp; sourceTree = "<group>"; };
		92D0299E187683F700D02B72 /* ViewModel_SelectHero.h */ = {isa = PBXFileReference; fileEncoding = 4; lastKnownFileType = sourcecode.c.h; path = ViewModel_SelectHero.h; sourceTree = "<group>"; };
		92D0299F187683F700D02B72 /* ViewModelManager.cpp */ = {isa = PBXFileReference; fileEncoding = 4; lastKnownFileType = sourcecode.cpp.cpp; path = ViewModelManager.cpp; sourceTree = "<group>"; };
		92D029A0187683F700D02B72 /* ViewModelManager.h */ = {isa = PBXFileReference; fileEncoding = 4; lastKnownFileType = sourcecode.c.h; path = ViewModelManager.h; sourceTree = "<group>"; };
		92EF2D141853105400CB9EA4 /* AppController.h */ = {isa = PBXFileReference; fileEncoding = 4; lastKnownFileType = sourcecode.c.h; name = AppController.h; path = proj.mac/AppController.h; sourceTree = "<group>"; };
		92EF2D151853105400CB9EA4 /* AppController.mm */ = {isa = PBXFileReference; fileEncoding = 4; lastKnownFileType = sourcecode.cpp.objcpp; name = AppController.mm; path = proj.mac/AppController.mm; sourceTree = "<group>"; };
		92EF2D161853105400CB9EA4 /* en.lproj */ = {isa = PBXFileReference; lastKnownFileType = folder; name = en.lproj; path = proj.mac/en.lproj; sourceTree = "<group>"; };
		92EF2D171853105400CB9EA4 /* Icon.icns */ = {isa = PBXFileReference; lastKnownFileType = image.icns; name = Icon.icns; path = proj.mac/Icon.icns; sourceTree = "<group>"; };
		92EF2D181853105400CB9EA4 /* Info.plist */ = {isa = PBXFileReference; fileEncoding = 4; lastKnownFileType = text.plist.xml; name = Info.plist; path = proj.mac/Info.plist; sourceTree = "<group>"; };
		92EF2D191853105400CB9EA4 /* main.m */ = {isa = PBXFileReference; fileEncoding = 4; lastKnownFileType = sourcecode.c.objc; name = main.m; path = proj.mac/main.m; sourceTree = "<group>"; };
/* End PBXFileReference section */

/* Begin PBXFrameworksBuildPhase section */
		1A1197C91785363400D62A44 /* Frameworks */ = {
			isa = PBXFrameworksBuildPhase;
			buildActionMask = 2147483647;
			files = (
				9222552C1853234000D6C90F /* CoreMotion.framework in Frameworks */,
				925D9912182B60AA006BED71 /* libbox2d iOS.a in Frameworks */,
				9233B8DC18115B3B0095D07F /* libchipmunk iOS.a in Frameworks */,
				9233B8DD18115B3B0095D07F /* libcocos2dx iOS.a in Frameworks */,
				9233B8DE18115B3B0095D07F /* libcocos2dx-extensions iOS.a in Frameworks */,
				9233B8DF18115B3B0095D07F /* libCocosDenshion iOS.a in Frameworks */,
				9233B8E018115B3B0095D07F /* libengine iOS.a in Frameworks */,
				9233B8E118115B3B0095D07F /* libframework iOS.a in Frameworks */,
				9233B8E218115B3B0095D07F /* libjsbindings iOS.a in Frameworks */,
				9233B8E318115B3B0095D07F /* libluabindings iOS.a in Frameworks */,
				9233B8D118115B300095D07F /* AudioToolbox.framework in Frameworks */,
				9233B892181156950095D07F /* CoreGraphics.framework in Frameworks */,
				9233B88E181156950095D07F /* AVFoundation.framework in Frameworks */,
				9233B89A181156950095D07F /* libz.dylib in Frameworks */,
				9233B8A2181156950095D07F /* QuartzCore.framework in Frameworks */,
				9233B8A0181156950095D07F /* OpenAL.framework in Frameworks */,
				9233B8A8181156950095D07F /* Foundation.framework in Frameworks */,
				9233B890181156950095D07F /* UIKit.framework in Frameworks */,
				9233B894181156950095D07F /* OpenGLES.framework in Frameworks */,
			);
			runOnlyForDeploymentPostprocessing = 0;
		};
		1A6FB55A17854FE400CDF010 /* Frameworks */ = {
			isa = PBXFrameworksBuildPhase;
			buildActionMask = 2147483647;
			files = (
				9233B8B4181158EB0095D07F /* libbox2d Mac.a in Frameworks */,
				9233B8B5181158EB0095D07F /* libchipmunk Mac.a in Frameworks */,
				9233B8B6181158EB0095D07F /* libcocos2dx Mac.a in Frameworks */,
				9233B8B7181158EB0095D07F /* libcocos2dx-extensions Mac.a in Frameworks */,
				9233B8B8181158EB0095D07F /* libCocosDenshion Mac.a in Frameworks */,
				9233B8B9181158EB0095D07F /* libengine Mac.a in Frameworks */,
				9233B8BA181158EB0095D07F /* libframework Mac.a in Frameworks */,
				9233B8BB181158EB0095D07F /* libjsbindings Mac.a in Frameworks */,
				9233B8BC181158EB0095D07F /* libluabindings Mac.a in Frameworks */,
				9233B8AA181157410095D07F /* QuartzCore.framework in Frameworks */,
				9233B8A9181157310095D07F /* Foundation.framework in Frameworks */,
				9233B899181156950095D07F /* libz.dylib in Frameworks */,
				9233B89F181156950095D07F /* OpenAL.framework in Frameworks */,
				9233B8A3181156950095D07F /* OpenGL.framework in Frameworks */,
				9233B89B181156950095D07F /* AudioToolbox.framework in Frameworks */,
				9233B89D181156950095D07F /* ApplicationServices.framework in Frameworks */,
				9233B8A5181156950095D07F /* Cocoa.framework in Frameworks */,
				9233B897181156950095D07F /* libcurl.dylib in Frameworks */,
			);
			runOnlyForDeploymentPostprocessing = 0;
		};
/* End PBXFrameworksBuildPhase section */

/* Begin PBXGroup section */
		19C28FACFE9D520D11CA2CBB /* Products */ = {
			isa = PBXGroup;
			children = (
				1A1197D71785363400D62A44 /* SOH.app */,
				1A6FB56B17854FE400CDF010 /* SOH_Mac.app */,
			);
			name = Products;
			sourceTree = "<group>";
		};
		29B97314FDCFA39411CA2CEA /* CustomTemplate */ = {
			isa = PBXGroup;
			children = (
				92D0296F187683F700D02B72 /* Classes */,
				9222559F1853263400D6C90F /* Resources */,
				92225586185325DB00D6C90F /* proj.ios */,
				9233B88C181156950095D07F /* Frameworks */,
				9233B859181152A10095D07F /* mac */,
				19C28FACFE9D520D11CA2CBB /* Products */,
			);
			name = CustomTemplate;
			sourceTree = "<group>";
		};
		92225586185325DB00D6C90F /* proj.ios */ = {
			isa = PBXGroup;
			children = (
				92225587185325DB00D6C90F /* AppController.h */,
				92225588185325DC00D6C90F /* AppController.mm */,
				92225589185325DC00D6C90F /* Default-568h@2x.png */,
				9222558A185325DC00D6C90F /* Default.png */,
				9222558B185325DC00D6C90F /* Default@2x.png */,
				9222558C185325DC00D6C90F /* Icon-114.png */,
				9222558D185325DC00D6C90F /* Icon-144.png */,
				9222558E185325DC00D6C90F /* Icon-57.png */,
				9222558F185325DC00D6C90F /* Icon-72.png */,
				92225591185325DC00D6C90F /* main.m */,
				92225592185325DC00D6C90F /* RootViewController.h */,
				92225593185325DC00D6C90F /* RootViewController.mm */,
			);
			path = proj.ios;
			sourceTree = "<group>";
		};
		9222559F1853263400D6C90F /* Resources */ = {
			isa = PBXGroup;
			children = (
				92D02969187683DB00D02B72 /* image */,
				92D0296A187683DB00D02B72 /* plist */,
				922256271853265900D6C90F /* cocostudio */,
				922256281853265900D6C90F /* luascript */,
				922256291853265900D6C90F /* tiledmap */,
			);
			path = Resources;
			sourceTree = "<group>";
		};
		9233B859181152A10095D07F /* mac */ = {
			isa = PBXGroup;
			children = (
				92EF2D141853105400CB9EA4 /* AppController.h */,
				92EF2D151853105400CB9EA4 /* AppController.mm */,
				92EF2D161853105400CB9EA4 /* en.lproj */,
				92EF2D171853105400CB9EA4 /* Icon.icns */,
				92EF2D181853105400CB9EA4 /* Info.plist */,
				92EF2D191853105400CB9EA4 /* main.m */,
			);
			name = mac;
			sourceTree = "<group>";
		};
		9233B88C181156950095D07F /* Frameworks */ = {
			isa = PBXGroup;
			children = (
				9222552B1853234000D6C90F /* CoreMotion.framework */,
				925D9911182B60AA006BED71 /* libbox2d iOS.a */,
				9233B8D218115B3A0095D07F /* libbox2d iOS.a */,
				9233B8D318115B3A0095D07F /* libchipmunk iOS.a */,
				9233B8D418115B3A0095D07F /* libcocos2dx iOS.a */,
				9233B8D518115B3A0095D07F /* libcocos2dx-extensions iOS.a */,
				9233B8D618115B3A0095D07F /* libCocosDenshion iOS.a */,
				9233B8D718115B3A0095D07F /* libengine iOS.a */,
				9233B8D818115B3A0095D07F /* libframework iOS.a */,
				9233B8D918115B3A0095D07F /* libjsbindings iOS.a */,
				9233B8DA18115B3B0095D07F /* libluabindings iOS.a */,
				9233B8D018115B300095D07F /* AudioToolbox.framework */,
				9233B8AB181158EA0095D07F /* libbox2d Mac.a */,
				9233B8AC181158EB0095D07F /* libchipmunk Mac.a */,
				9233B8AD181158EB0095D07F /* libcocos2dx Mac.a */,
				9233B8AE181158EB0095D07F /* libcocos2dx-extensions Mac.a */,
				9233B8AF181158EB0095D07F /* libCocosDenshion Mac.a */,
				9233B8B0181158EB0095D07F /* libengine Mac.a */,
				9233B8B1181158EB0095D07F /* libframework Mac.a */,
				9233B8B2181158EB0095D07F /* libjsbindings Mac.a */,
				9233B8B3181158EB0095D07F /* libluabindings Mac.a */,
				9233B87E181156950095D07F /* AVFoundation.framework */,
				9233B87F181156950095D07F /* UIKit.framework */,
				9233B880181156950095D07F /* CoreGraphics.framework */,
				9233B881181156950095D07F /* OpenGLES.framework */,
				9233B882181156950095D07F /* libsqlite3.dylib */,
				9233B883181156950095D07F /* libcurl.dylib */,
				9233B884181156950095D07F /* libz.dylib */,
				9233B885181156950095D07F /* AudioToolbox.framework */,
				9233B886181156950095D07F /* ApplicationServices.framework */,
				9233B887181156950095D07F /* OpenAL.framework */,
				9233B888181156950095D07F /* QuartzCore.framework */,
				9233B889181156950095D07F /* OpenGL.framework */,
				9233B88A181156950095D07F /* Cocoa.framework */,
				9233B88B181156950095D07F /* Foundation.framework */,
			);
			name = Frameworks;
			path = ..;
			sourceTree = "<group>";
		};
		92D0296F187683F700D02B72 /* Classes */ = {
			isa = PBXGroup;
			children = (
				92D02970187683F700D02B72 /* ICreature.cpp */,
				92D02971187683F700D02B72 /* ICreature.h */,
				92D02972187683F700D02B72 /* JumpDelegate.cpp */,
				92D02973187683F700D02B72 /* JumpDelegate.h */,
				92D02974187683F700D02B72 /* LocalPlayer.cpp */,
				92D02975187683F700D02B72 /* LocalPlayer.h */,
				92D02976187683F700D02B72 /* LuaSOFExtern.cpp */,
				92D02977187683F700D02B72 /* LuaSOFExtern.h */,
				92D02978187683F700D02B72 /* LuaUserDataConversion.cpp */,
				92D02979187683F700D02B72 /* LuaUserDataConversion.h */,
				92D0297A187683F700D02B72 /* Model_CreatureHeader.cpp */,
				92D0297B187683F700D02B72 /* Model_CreatureHeader.h */,
				92D0297C187683F700D02B72 /* Model_GameScene.cpp */,
				92D0297D187683F700D02B72 /* Model_GameScene.h */,
				92D0297E187683F700D02B72 /* Model_Login.cpp */,
				92D0297F187683F700D02B72 /* Model_Login.h */,
				92D02980187683F700D02B72 /* Model_SelectHero.cpp */,
				92D02981187683F700D02B72 /* Model_SelectHero.h */,
				92D02982187683F700D02B72 /* ModelTypeDefine.h */,
				92D02983187683F700D02B72 /* Monster.cpp */,
				92D02984187683F700D02B72 /* Monster.h */,
				92D02985187683F700D02B72 /* Physics_Box2dView.cpp */,
				92D02986187683F700D02B72 /* Physics_Box2dView.h */,
				92D02987187683F700D02B72 /* Physics_GameScene.cpp */,
				92D02988187683F700D02B72 /* Physics_GameScene.h */,
				92D02989187683F700D02B72 /* Player.cpp */,
				92D0298A187683F700D02B72 /* Player.h */,
				92D0298B187683F700D02B72 /* RootSceneView.cpp */,
				92D0298C187683F700D02B72 /* RootSceneView.h */,
				92D0298D187683F700D02B72 /* TopLevelView.cpp */,
				92D0298E187683F700D02B72 /* TopLevelView.h */,
				92D0298F187683F700D02B72 /* View_CreatureHeader.cpp */,
				92D02990187683F700D02B72 /* View_CreatureHeader.h */,
				92D02991187683F700D02B72 /* View_GameScene.cpp */,
				92D02992187683F700D02B72 /* View_GameScene.h */,
				92D02993187683F700D02B72 /* View_Login.cpp */,
				92D02994187683F700D02B72 /* View_Login.h */,
				92D02995187683F700D02B72 /* View_SelectHero.cpp */,
				92D02996187683F700D02B72 /* View_SelectHero.h */,
				92D02997187683F700D02B72 /* ViewModel_CreatureHeader.cpp */,
				92D02998187683F700D02B72 /* ViewModel_CreatureHeader.h */,
				92D02999187683F700D02B72 /* ViewModel_GameScene.cpp */,
				92D0299A187683F700D02B72 /* ViewModel_GameScene.h */,
				92D0299B187683F700D02B72 /* ViewModel_Login.cpp */,
				92D0299C187683F700D02B72 /* ViewModel_Login.h */,
				92D0299D187683F700D02B72 /* ViewModel_SelectHero.cpp */,
				92D0299E187683F700D02B72 /* ViewModel_SelectHero.h */,
				92D0299F187683F700D02B72 /* ViewModelManager.cpp */,
				92D029A0187683F700D02B72 /* ViewModelManager.h */,
			);
			path = Classes;
			sourceTree = "<group>";
		};
/* End PBXGroup section */

/* Begin PBXNativeTarget section */
		1A1197B31785363400D62A44 /* SOH */ = {
			isa = PBXNativeTarget;
			buildConfigurationList = 1A1197D41785363400D62A44 /* Build configuration list for PBXNativeTarget "SOH" */;
			buildPhases = (
				1A1197B61785363400D62A44 /* Resources */,
				1A1197C31785363400D62A44 /* Sources */,
				1A1197C91785363400D62A44 /* Frameworks */,
			);
			buildRules = (
			);
			dependencies = (
			);
			name = SOH;
			productName = iphone;
			productReference = 1A1197D71785363400D62A44 /* SOH.app */;
			productType = "com.apple.product-type.application";
		};
		1A6FB53517854FE400CDF010 /* SOH_Mac */ = {
			isa = PBXNativeTarget;
			buildConfigurationList = 1A6FB56817854FE400CDF010 /* Build configuration list for PBXNativeTarget "SOH_Mac" */;
			buildPhases = (
				1A6FB53E17854FE400CDF010 /* Resources */,
				1A6FB55517854FE400CDF010 /* Sources */,
				1A6FB55A17854FE400CDF010 /* Frameworks */,
			);
			buildRules = (
			);
			dependencies = (
			);
			name = SOH_Mac;
			productName = iphone;
			productReference = 1A6FB56B17854FE400CDF010 /* SOH_Mac.app */;
			productType = "com.apple.product-type.application";
		};
/* End PBXNativeTarget section */

/* Begin PBXProject section */
		29B97313FDCFA39411CA2CEA /* Project object */ = {
			isa = PBXProject;
			attributes = {
				LastUpgradeCheck = 0500;
			};
			buildConfigurationList = C01FCF4E08A954540054247B /* Build configuration list for PBXProject "struggle of horizontal" */;
			compatibilityVersion = "Xcode 3.2";
			developmentRegion = English;
			hasScannedForEncodings = 1;
			knownRegions = (
				English,
				Japanese,
				French,
				German,
				en,
			);
			mainGroup = 29B97314FDCFA39411CA2CEA /* CustomTemplate */;
			projectDirPath = "";
			projectRoot = "";
			targets = (
				1A6FB53517854FE400CDF010 /* SOH_Mac */,
				1A1197B31785363400D62A44 /* SOH */,
			);
		};
/* End PBXProject section */

/* Begin PBXResourcesBuildPhase section */
		1A1197B61785363400D62A44 /* Resources */ = {
			isa = PBXResourcesBuildPhase;
			buildActionMask = 2147483647;
			files = (
				92D0296C187683DB00D02B72 /* image in Resources */,
				92225597185325DC00D6C90F /* Default@2x.png in Resources */,
				92225596185325DC00D6C90F /* Default.png in Resources */,
				9222562F1853265A00D6C90F /* tiledmap in Resources */,
				92225598185325DC00D6C90F /* Icon-114.png in Resources */,
				9222559A185325DC00D6C90F /* Icon-57.png in Resources */,
				9222562D1853265A00D6C90F /* luascript in Resources */,
				9222559B185325DC00D6C90F /* Icon-72.png in Resources */,
				92225599185325DC00D6C90F /* Icon-144.png in Resources */,
				92D0296E187683DB00D02B72 /* plist in Resources */,
				9222562B1853265A00D6C90F /* cocostudio in Resources */,
				92225595185325DC00D6C90F /* Default-568h@2x.png in Resources */,
			);
			runOnlyForDeploymentPostprocessing = 0;
		};
		1A6FB53E17854FE400CDF010 /* Resources */ = {
			isa = PBXResourcesBuildPhase;
			buildActionMask = 2147483647;
			files = (
				92EF2D1B1853105400CB9EA4 /* en.lproj in Resources */,
				92D0296D187683DB00D02B72 /* plist in Resources */,
				92EF2D1D1853105400CB9EA4 /* Info.plist in Resources */,
				9222562C1853265A00D6C90F /* luascript in Resources */,
				9222562A1853265900D6C90F /* cocostudio in Resources */,
				92D0296B187683DB00D02B72 /* image in Resources */,
				9222562E1853265A00D6C90F /* tiledmap in Resources */,
				92EF2D1C1853105400CB9EA4 /* Icon.icns in Resources */,
			);
			runOnlyForDeploymentPostprocessing = 0;
		};
/* End PBXResourcesBuildPhase section */

/* Begin PBXSourcesBuildPhase section */
		1A1197C31785363400D62A44 /* Sources */ = {
			isa = PBXSourcesBuildPhase;
			buildActionMask = 2147483647;
			files = (
				92D029A8187683F700D02B72 /* LuaSOFExtern.cpp in Sources */,
				92D029BE187683F700D02B72 /* TopLevelView.cpp in Sources */,
				92D029B8187683F700D02B72 /* Physics_GameScene.cpp in Sources */,
				92D029CA187683F700D02B72 /* ViewModel_GameScene.cpp in Sources */,
				92D029BC187683F700D02B72 /* RootSceneView.cpp in Sources */,
				92D029C6187683F700D02B72 /* View_SelectHero.cpp in Sources */,
				92D029CE187683F700D02B72 /* ViewModel_SelectHero.cpp in Sources */,
				92225594185325DC00D6C90F /* AppController.mm in Sources */,
				92D029B0187683F700D02B72 /* Model_Login.cpp in Sources */,
				92D029C0187683F700D02B72 /* View_CreatureHeader.cpp in Sources */,
				92D029B2187683F700D02B72 /* Model_SelectHero.cpp in Sources */,
				92D029AE187683F700D02B72 /* Model_GameScene.cpp in Sources */,
				92D029C2187683F700D02B72 /* View_GameScene.cpp in Sources */,
				9222559D185325DC00D6C90F /* main.m in Sources */,
				92D029AA187683F700D02B72 /* LuaUserDataConversion.cpp in Sources */,
				92D029BA187683F700D02B72 /* Player.cpp in Sources */,
				92D029A2187683F700D02B72 /* ICreature.cpp in Sources */,
				92D029B6187683F700D02B72 /* Physics_Box2dView.cpp in Sources */,
				92D029A4187683F700D02B72 /* JumpDelegate.cpp in Sources */,
				92D029B4187683F700D02B72 /* Monster.cpp in Sources */,
				92D029D0187683F700D02B72 /* ViewModelManager.cpp in Sources */,
				92D029CC187683F700D02B72 /* ViewModel_Login.cpp in Sources */,
				92D029A6187683F700D02B72 /* LocalPlayer.cpp in Sources */,
				92D029C8187683F700D02B72 /* ViewModel_CreatureHeader.cpp in Sources */,
				92D029AC187683F700D02B72 /* Model_CreatureHeader.cpp in Sources */,
				92D029C4187683F700D02B72 /* View_Login.cpp in Sources */,
				9222559E185325DC00D6C90F /* RootViewController.mm in Sources */,
			);
			runOnlyForDeploymentPostprocessing = 0;
		};
		1A6FB55517854FE400CDF010 /* Sources */ = {
			isa = PBXSourcesBuildPhase;
			buildActionMask = 2147483647;
			files = (
				92D029AD187683F700D02B72 /* Model_GameScene.cpp in Sources */,
				92D029A9187683F700D02B72 /* LuaUserDataConversion.cpp in Sources */,
				92D029BF187683F700D02B72 /* View_CreatureHeader.cpp in Sources */,
				92D029A3187683F700D02B72 /* JumpDelegate.cpp in Sources */,
				92D029C5187683F700D02B72 /* View_SelectHero.cpp in Sources */,
				92D029B5187683F700D02B72 /* Physics_Box2dView.cpp in Sources */,
				92D029C1187683F700D02B72 /* View_GameScene.cpp in Sources */,
				92D029AF187683F700D02B72 /* Model_Login.cpp in Sources */,
				92D029CB187683F700D02B72 /* ViewModel_Login.cpp in Sources */,
				92D029B3187683F700D02B72 /* Monster.cpp in Sources */,
				92D029A7187683F700D02B72 /* LuaSOFExtern.cpp in Sources */,
				92EF2D1A1853105400CB9EA4 /* AppController.mm in Sources */,
				92D029A1187683F700D02B72 /* ICreature.cpp in Sources */,
				92D029C9187683F700D02B72 /* ViewModel_GameScene.cpp in Sources */,
				92D029BD187683F700D02B72 /* TopLevelView.cpp in Sources */,
				92D029AB187683F700D02B72 /* Model_CreatureHeader.cpp in Sources */,
				92D029CF187683F700D02B72 /* ViewModelManager.cpp in Sources */,
				92D029B7187683F700D02B72 /* Physics_GameScene.cpp in Sources */,
				92D029C3187683F700D02B72 /* View_Login.cpp in Sources */,
				92D029CD187683F700D02B72 /* ViewModel_SelectHero.cpp in Sources */,
				92D029C7187683F700D02B72 /* ViewModel_CreatureHeader.cpp in Sources */,
				92EF2D1E1853105400CB9EA4 /* main.m in Sources */,
				92D029B1187683F700D02B72 /* Model_SelectHero.cpp in Sources */,
				92D029A5187683F700D02B72 /* LocalPlayer.cpp in Sources */,
				92D029B9187683F700D02B72 /* Player.cpp in Sources */,
				92D029BB187683F700D02B72 /* RootSceneView.cpp in Sources */,
			);
			runOnlyForDeploymentPostprocessing = 0;
		};
/* End PBXSourcesBuildPhase section */

/* Begin XCBuildConfiguration section */
		1A1197D51785363400D62A44 /* Debug */ = {
			isa = XCBuildConfiguration;
			buildSettings = {
				ARCHS = "$(ARCHS_STANDARD_32_BIT)";
				CLANG_CXX_LANGUAGE_STANDARD = "c++0x";
				CLANG_CXX_LIBRARY = "libc++";
				CODE_SIGN_IDENTITY = "iPhone Developer: 敏 宋 (259D4DU467)";
				"CODE_SIGN_IDENTITY[sdk=iphoneos*]" = "iPhone Developer: 敏 宋 (259D4DU467)";
				DSTROOT = "/tmp/$(PROJECT_NAME).dst";
				FRAMEWORK_SEARCH_PATHS = (
					"$(inherited)",
					"$(DEVELOPER_DIR)/Platforms/iPhoneOS.platform/Developer/SDKs/iPhoneOS7.0.sdk/System/Library/Frameworks",
				);
				GCC_C_LANGUAGE_STANDARD = c11;
				GCC_DYNAMIC_NO_PIC = NO;
				GCC_INLINES_ARE_PRIVATE_EXTERN = NO;
				GCC_PRECOMPILE_PREFIX_HEADER = YES;
				GCC_PREFIX_HEADER = "$(SRCROOT)/Prefix.pch";
				GCC_PREPROCESSOR_DEFINITIONS = (
					"$(inherited)",
					CC_TARGET_OS_IPHONE,
				);
				GCC_SYMBOLS_PRIVATE_EXTERN = NO;
				HEADER_SEARCH_PATHS = "";
				INFOPLIST_FILE = "$(SRCROOT)/proj.ios/Info.plist";
				IPHONEOS_DEPLOYMENT_TARGET = 5.0;
				LIBRARY_SEARCH_PATHS = (
					"$(SRCROOT)/../../cocos2d/cocos2d-x-3/external/curl/prebuilt/ios",
					"$(SRCROOT)/../../cocos2d/cocos2d-x-3/external/websockets/prebuilt/ios",
					"$(SRCROOT)/../../cocos2d/cocos2d-x-3/external/freetype2/prebuilt/ios",
				);
				ONLY_ACTIVE_ARCH = YES;
				OTHER_LDFLAGS = (
					"-lxml2",
					"-lz",
				);
				PRODUCT_NAME = "$(TARGET_NAME)";
				PROVISIONING_PROFILE = "B0FAE4E4-E451-4359-B815-23E35323982E";
				SDKROOT = iphoneos;
				TARGETED_DEVICE_FAMILY = "1,2";
				USER_HEADER_SEARCH_PATHS = "\"$(SRCROOT)/../../cocos2d/cocos2d-x-3\" \"$(SRCROOT)/../../cocos2d/cocos2d-x-3/cocos\" \"$(SRCROOT)/../../cocos2d/cocos2d-x-3/cocos/base\" \"$(SRCROOT)/../../cocos2d/cocos2d-x-3/cocos/2d\" \"$(SRCROOT)/../../cocos2d/cocos2d-x-3/cocos/gui\" \"$(SRCROOT)/../../cocos2d/cocos2d-x-3/cocos/2d/platform/ios\" \"$(SRCROOT)/../../cocos2d/cocos2d-x-3/cocos/math/kazmath/include\" \"$(SRCROOT)/../../cocos2d/cocos2d-x-3/cocos/2d/platform/ios/Simulation\" \"$(SRCROOT)/../../cocos2d/cocos2d-x-3/cocos/audio/include\" \"$(SRCROOT)/../../cocos2d/cocos2d-x-3/extensions\" \"$(SRCROOT)/../../cocos2d/cocos2d-x-3/external\" \"$(SRCROOT)/../../cocos2d/cocos2d-x-3/external/lua/lua\" \"$(SRCROOT)/../../cocos2d/cocos2d-x-3/external/lua/tolua\" \"$(SRCROOT)/../../cocos2d/cocos2d-x-3/external/chipmunk/include/chipmunk\" \"$(SRCROOT)/../../cocos2d/cocos2d-x-3/cocos/physics\" \"$(SRCROOT)/../../cocos2d/cocos2d-x-3/cocos/scripting/lua\" \"$(SRCROOT)/../../cocos2d/cocos2d-x-3/cocos/scripting/lua/bindings\" \"$(SRCROOT)/../../cocos2d/cocos2d-x-3/cocos/scripting/lua/script\" \"$(SRCROOT)/../../cocos2d/cocos2d-x-3/cocos/editor-support\" \"$(SRCROOT)/../../cocos2d/cocos2d-x-3/cocos/editor-support/cocostudio\" \"$(SRCROOT)/../cocos/framework/Classes/\" \"$(SRCROOT)/../cocos/engine/Classes/\"";
				VALID_ARCHS = "arm64 armv7 armv7s";
			};
			name = Debug;
		};
		1A1197D61785363400D62A44 /* Release */ = {
			isa = XCBuildConfiguration;
			buildSettings = {
				ARCHS = "$(ARCHS_STANDARD_32_BIT)";
				CLANG_CXX_LANGUAGE_STANDARD = "c++0x";
				CLANG_CXX_LIBRARY = "libc++";
				CODE_SIGN_IDENTITY = "iPhone Developer: 敏 宋 (259D4DU467)";
				"CODE_SIGN_IDENTITY[sdk=iphoneos*]" = "iPhone Developer: 敏 宋 (259D4DU467)";
				DSTROOT = "/tmp/$(PROJECT_NAME).dst";
				FRAMEWORK_SEARCH_PATHS = (
					"$(inherited)",
					"$(DEVELOPER_DIR)/Platforms/iPhoneOS.platform/Developer/SDKs/iPhoneOS7.0.sdk/System/Library/Frameworks",
				);
				GCC_C_LANGUAGE_STANDARD = c11;
				GCC_INLINES_ARE_PRIVATE_EXTERN = NO;
				GCC_PRECOMPILE_PREFIX_HEADER = YES;
				GCC_PREFIX_HEADER = "$(SRCROOT)/Prefix.pch";
				GCC_PREPROCESSOR_DEFINITIONS = (
					"$(inherited)",
					CC_TARGET_OS_IPHONE,
				);
				GCC_SYMBOLS_PRIVATE_EXTERN = NO;
				HEADER_SEARCH_PATHS = "";
				INFOPLIST_FILE = "$(SRCROOT)/proj.ios/Info.plist";
				IPHONEOS_DEPLOYMENT_TARGET = 5.0;
				LIBRARY_SEARCH_PATHS = (
					"$(SRCROOT)/../../cocos2d/cocos2d-x-3/external/curl/prebuilt/ios",
					"$(SRCROOT)/../../cocos2d/cocos2d-x-3/external/websockets/prebuilt/ios",
					"$(SRCROOT)/../../cocos2d/cocos2d-x-3/external/freetype2/prebuilt/ios",
				);
				ONLY_ACTIVE_ARCH = NO;
				OTHER_CFLAGS = "";
				OTHER_LDFLAGS = (
					"-lxml2",
					"-lz",
				);
				PRODUCT_NAME = "$(TARGET_NAME)";
				PROVISIONING_PROFILE = "B0FAE4E4-E451-4359-B815-23E35323982E";
				SDKROOT = iphoneos;
				TARGETED_DEVICE_FAMILY = "1,2";
				USER_HEADER_SEARCH_PATHS = "\"$(SRCROOT)/../../cocos2d/cocos2d-x-3\" \"$(SRCROOT)/../../cocos2d/cocos2d-x-3/cocos\" \"$(SRCROOT)/../../cocos2d/cocos2d-x-3/cocos/base\" \"$(SRCROOT)/../../cocos2d/cocos2d-x-3/cocos/2d\" \"$(SRCROOT)/../../cocos2d/cocos2d-x-3/cocos/gui\" \"$(SRCROOT)/../../cocos2d/cocos2d-x-3/cocos/2d/platform/ios\" \"$(SRCROOT)/../../cocos2d/cocos2d-x-3/cocos/math/kazmath/include\" \"$(SRCROOT)/../../cocos2d/cocos2d-x-3/cocos/2d/platform/ios/Simulation\" \"$(SRCROOT)/../../cocos2d/cocos2d-x-3/cocos/audio/include\" \"$(SRCROOT)/../../cocos2d/cocos2d-x-3/extensions\" \"$(SRCROOT)/../../cocos2d/cocos2d-x-3/external\" \"$(SRCROOT)/../../cocos2d/cocos2d-x-3/external/lua/lua\" \"$(SRCROOT)/../../cocos2d/cocos2d-x-3/external/lua/tolua\" \"$(SRCROOT)/../../cocos2d/cocos2d-x-3/external/chipmunk/include/chipmunk\" \"$(SRCROOT)/../../cocos2d/cocos2d-x-3/cocos/physics\" \"$(SRCROOT)/../../cocos2d/cocos2d-x-3/cocos/scripting/lua\" \"$(SRCROOT)/../../cocos2d/cocos2d-x-3/cocos/scripting/lua/bindings\" \"$(SRCROOT)/../../cocos2d/cocos2d-x-3/cocos/scripting/lua/script\" \"$(SRCROOT)/../../cocos2d/cocos2d-x-3/cocos/editor-support\" \"$(SRCROOT)/../../cocos2d/cocos2d-x-3/cocos/editor-support/cocostudio\" \"$(SRCROOT)/../cocos/framework/Classes/\" \"$(SRCROOT)/../cocos/engine/Classes/\"";
				VALIDATE_PRODUCT = YES;
				VALID_ARCHS = "arm64 armv7 armv7s";
			};
			name = Release;
		};
		1A6FB56917854FE400CDF010 /* Debug */ = {
			isa = XCBuildConfiguration;
			buildSettings = {
				ARCHS = "$(ARCHS_STANDARD_32_64_BIT)";
				FRAMEWORK_SEARCH_PATHS = (
					"$(inherited)",
					"$(DEVELOPER_DIR)/Platforms/MacOSX.platform/Developer/SDKs/MacOSX10.8.sdk/System/Library/Frameworks",
				);
				GCC_DYNAMIC_NO_PIC = NO;
				GCC_INLINES_ARE_PRIVATE_EXTERN = NO;
				GCC_PRECOMPILE_PREFIX_HEADER = YES;
				GCC_PREPROCESSOR_DEFINITIONS = (
					"$(inherited)",
					CC_TARGET_OS_MAC,
					CC_KEYBOARD_SUPPORT,
				);
				GCC_SYMBOLS_PRIVATE_EXTERN = NO;
				INFOPLIST_FILE = "$(SRCROOT)/proj.mac/Info.plist";
				IPHONEOS_DEPLOYMENT_TARGET = 5.0;
				LIBRARY_SEARCH_PATHS = (
					"$(inherited)",
					"$(SRCROOT)/Lua/HelloLua/proj.mac",
					"$(USER_LIBRARY_DIR)/Developer/Xcode/DerivedData/ymproject-anrfhmfxcsksibbvclwbukhrgtpz/Build/Products/Debug",
				);
				OTHER_LDFLAGS = "";
				"OTHER_LDFLAGS[arch=x86_64]" = (
					"-pagezero_size",
					10000,
					"-image_base",
					100000000,
				);
				PRODUCT_NAME = "$(TARGET_NAME)";
				SDKROOT = macosx;
				TARGETED_DEVICE_FAMILY = "1,2";
				USER_HEADER_SEARCH_PATHS = "\"$(SRCROOT)/../../cocos2d/cocos2d-x-3\" \"$(SRCROOT)/../../cocos2d/cocos2d-x-3/cocos\" \"$(SRCROOT)/../../cocos2d/cocos2d-x-3/cocos/base\" \"$(SRCROOT)/../../cocos2d/cocos2d-x-3/cocos/2d\" \"$(SRCROOT)/../../cocos2d/cocos2d-x-3/cocos/gui\" \"$(SRCROOT)/../../cocos2d/cocos2d-x-3/cocos/2d/platform/ios\" \"$(SRCROOT)/../../cocos2d/cocos2d-x-3/cocos/math/kazmath/include\" \"$(SRCROOT)/../../cocos2d/cocos2d-x-3/cocos/2d/platform/ios/Simulation\" \"$(SRCROOT)/../../cocos2d/cocos2d-x-3/cocos/audio/include\" \"$(SRCROOT)/../../cocos2d/cocos2d-x-3/extensions\" \"$(SRCROOT)/../../cocos2d/cocos2d-x-3/external\" \"$(SRCROOT)/../../cocos2d/cocos2d-x-3/external/lua/lua\" \"$(SRCROOT)/../../cocos2d/cocos2d-x-3/external/lua/tolua\" \"$(SRCROOT)/../../cocos2d/cocos2d-x-3/external/chipmunk/include/chipmunk\" \"$(SRCROOT)/../../cocos2d/cocos2d-x-3/cocos/physics\" \"$(SRCROOT)/../../cocos2d/cocos2d-x-3/cocos/scripting/lua\" \"$(SRCROOT)/../../cocos2d/cocos2d-x-3/cocos/scripting/lua/bindings\" \"$(SRCROOT)/../../cocos2d/cocos2d-x-3/cocos/scripting/lua/script\" \"$(SRCROOT)/../../cocos2d/cocos2d-x-3/cocos/editor-support\" \"$(SRCROOT)/../../cocos2d/cocos2d-x-3/cocos/editor-support/cocostudio\" \"$(SRCROOT)/../cocos/framework/Classes/\" \"$(SRCROOT)/../cocos/engine/Classes/\"";
			};
			name = Debug;
		};
		1A6FB56A17854FE400CDF010 /* Release */ = {
			isa = XCBuildConfiguration;
			buildSettings = {
				ARCHS = "$(ARCHS_STANDARD_32_64_BIT)";
				FRAMEWORK_SEARCH_PATHS = (
					"$(inherited)",
					"$(DEVELOPER_DIR)/Platforms/MacOSX.platform/Developer/SDKs/MacOSX10.8.sdk/System/Library/Frameworks",
				);
				GCC_INLINES_ARE_PRIVATE_EXTERN = NO;
				GCC_PRECOMPILE_PREFIX_HEADER = YES;
				GCC_PREPROCESSOR_DEFINITIONS = (
					"$(inherited)",
					CC_TARGET_OS_MAC,
					CC_KEYBOARD_SUPPORT,
				);
				GCC_SYMBOLS_PRIVATE_EXTERN = NO;
				INFOPLIST_FILE = "$(SRCROOT)/proj.mac/Info.plist";
				IPHONEOS_DEPLOYMENT_TARGET = 5.0;
				LIBRARY_SEARCH_PATHS = (
					"$(inherited)",
					"$(SRCROOT)/Lua/HelloLua/proj.mac",
					"$(USER_LIBRARY_DIR)/Developer/Xcode/DerivedData/ymproject-anrfhmfxcsksibbvclwbukhrgtpz/Build/Products/Debug",
				);
				OTHER_LDFLAGS = "";
				"OTHER_LDFLAGS[arch=x86_64]" = (
					"-pagezero_size",
					10000,
					"-image_base",
					100000000,
				);
				PRODUCT_NAME = "$(TARGET_NAME)";
				SDKROOT = macosx;
				TARGETED_DEVICE_FAMILY = "1,2";
				USER_HEADER_SEARCH_PATHS = "\"$(SRCROOT)/../../cocos2d/cocos2d-x-3\" \"$(SRCROOT)/../../cocos2d/cocos2d-x-3/cocos\" \"$(SRCROOT)/../../cocos2d/cocos2d-x-3/cocos/base\" \"$(SRCROOT)/../../cocos2d/cocos2d-x-3/cocos/2d\" \"$(SRCROOT)/../../cocos2d/cocos2d-x-3/cocos/gui\" \"$(SRCROOT)/../../cocos2d/cocos2d-x-3/cocos/2d/platform/ios\" \"$(SRCROOT)/../../cocos2d/cocos2d-x-3/cocos/math/kazmath/include\" \"$(SRCROOT)/../../cocos2d/cocos2d-x-3/cocos/2d/platform/ios/Simulation\" \"$(SRCROOT)/../../cocos2d/cocos2d-x-3/cocos/audio/include\" \"$(SRCROOT)/../../cocos2d/cocos2d-x-3/extensions\" \"$(SRCROOT)/../../cocos2d/cocos2d-x-3/external\" \"$(SRCROOT)/../../cocos2d/cocos2d-x-3/external/lua/lua\" \"$(SRCROOT)/../../cocos2d/cocos2d-x-3/external/lua/tolua\" \"$(SRCROOT)/../../cocos2d/cocos2d-x-3/external/chipmunk/include/chipmunk\" \"$(SRCROOT)/../../cocos2d/cocos2d-x-3/cocos/physics\" \"$(SRCROOT)/../../cocos2d/cocos2d-x-3/cocos/scripting/lua\" \"$(SRCROOT)/../../cocos2d/cocos2d-x-3/cocos/scripting/lua/bindings\" \"$(SRCROOT)/../../cocos2d/cocos2d-x-3/cocos/scripting/lua/script\" \"$(SRCROOT)/../../cocos2d/cocos2d-x-3/cocos/editor-support\" \"$(SRCROOT)/../../cocos2d/cocos2d-x-3/cocos/editor-support/cocostudio\" \"$(SRCROOT)/../cocos/framework/Classes/\" \"$(SRCROOT)/../cocos/engine/Classes/\"";
				VALIDATE_PRODUCT = YES;
			};
			name = Release;
		};
		C01FCF4F08A954540054247B /* Debug */ = {
			isa = XCBuildConfiguration;
			buildSettings = {
				ARCHS = "$(ARCHS_STANDARD_32_64_BIT)";
				CLANG_CXX_LANGUAGE_STANDARD = "c++0x";
				CLANG_CXX_LIBRARY = "libc++";
				COMBINE_HIDPI_IMAGES = YES;
				COPY_PHASE_STRIP = NO;
				GCC_C_LANGUAGE_STANDARD = c99;
				GCC_OPTIMIZATION_LEVEL = 0;
				GCC_PREPROCESSOR_DEFINITIONS = (
					"DEBUG=1",
					"COCOS2D_DEBUG=1",
					USE_FILE32API,
					"CC_ENABLE_CHIPMUNK_INTEGRATION=1",
				);
				GCC_WARN_ABOUT_RETURN_TYPE = YES;
				GCC_WARN_HIDDEN_VIRTUAL_FUNCTIONS = YES;
				GCC_WARN_UNUSED_VARIABLE = YES;
				HEADER_SEARCH_PATHS = (
					"\"$(SRCROOT)/../extensions\"",
					"\"$(SRCROOT)/../external\"",
				);
				ONLY_ACTIVE_ARCH = YES;
				PRODUCT_NAME = "$(TARGET_NAME)";
				SDKROOT = macosx;
				USER_HEADER_SEARCH_PATHS = "\"$(SRCROOT)/../CocosDenshion/include\" \"$(SRCROOT)/../external/chipmunk/include/chipmunk\" \"$(SRCROOT)/../cocos2dx/\" \"$(SRCROOT)/../cocos2dx/include\" \"$(SRCROOT)/../cocos2dx/kazmath/include\" \"$(SRCROOT)/../extensions\" \"$(SRCROOT)/../external\"";
			};
			name = Debug;
		};
		C01FCF5008A954540054247B /* Release */ = {
			isa = XCBuildConfiguration;
			buildSettings = {
				ARCHS = "$(ARCHS_STANDARD_32_64_BIT)";
				CLANG_CXX_LANGUAGE_STANDARD = "c++0x";
				CLANG_CXX_LIBRARY = "libc++";
				COMBINE_HIDPI_IMAGES = YES;
				GCC_C_LANGUAGE_STANDARD = c99;
				GCC_PREPROCESSOR_DEFINITIONS = (
					NDEBUG,
					USE_FILE32API,
					"CC_ENABLE_CHIPMUNK_INTEGRATION=1",
				);
				GCC_WARN_ABOUT_RETURN_TYPE = YES;
				GCC_WARN_HIDDEN_VIRTUAL_FUNCTIONS = YES;
				GCC_WARN_UNUSED_VARIABLE = YES;
				HEADER_SEARCH_PATHS = (
					"\"$(SRCROOT)/../extensions\"",
					"\"$(SRCROOT)/../external\"",
				);
				PRODUCT_NAME = "$(TARGET_NAME)";
				SDKROOT = macosx;
				USER_HEADER_SEARCH_PATHS = "\"$(SRCROOT)/../CocosDenshion/include\" \"$(SRCROOT)/../external/chipmunk/include/chipmunk\" \"$(SRCROOT)/../cocos2dx/\" \"$(SRCROOT)/../cocos2dx/include\" \"$(SRCROOT)/../cocos2dx/kazmath/include\" \"$(SRCROOT)/../extensions\" \"$(SRCROOT)/../external\"";
			};
			name = Release;
		};
/* End XCBuildConfiguration section */

/* Begin XCConfigurationList section */
		1A1197D41785363400D62A44 /* Build configuration list for PBXNativeTarget "SOH" */ = {
			isa = XCConfigurationList;
			buildConfigurations = (
				1A1197D51785363400D62A44 /* Debug */,
				1A1197D61785363400D62A44 /* Release */,
			);
			defaultConfigurationIsVisible = 0;
			defaultConfigurationName = Debug;
		};
		1A6FB56817854FE400CDF010 /* Build configuration list for PBXNativeTarget "SOH_Mac" */ = {
			isa = XCConfigurationList;
			buildConfigurations = (
				1A6FB56917854FE400CDF010 /* Debug */,
				1A6FB56A17854FE400CDF010 /* Release */,
			);
			defaultConfigurationIsVisible = 0;
			defaultConfigurationName = Debug;
		};
		C01FCF4E08A954540054247B /* Build configuration list for PBXProject "struggle of horizontal" */ = {
			isa = XCConfigurationList;
			buildConfigurations = (
				C01FCF4F08A954540054247B /* Debug */,
				C01FCF5008A954540054247B /* Release */,
			);
			defaultConfigurationIsVisible = 0;
			defaultConfigurationName = Debug;
		};
/* End XCConfigurationList section */
	};
	rootObject = 29B97313FDCFA39411CA2CEA /* Project object */;
}
