// !$*UTF8*$!
{
	archiveVersion = 1;
	classes = {
	};
	objectVersion = 46;
	objects = {

/* Begin PBXBuildFile section */
		92D58E46180BC66F007B7041 /* AppController.mm in Sources */ = {isa = PBXBuildFile; fileRef = 92D58E42180BC66F007B7041 /* AppController.mm */; };
		92D58E47180BC66F007B7041 /* main.m in Sources */ = {isa = PBXBuildFile; fileRef = 92D58E43180BC66F007B7041 /* main.m */; };
		92D58E48180BC66F007B7041 /* RootViewController.mm in Sources */ = {isa = PBXBuildFile; fileRef = 92D58E45180BC66F007B7041 /* RootViewController.mm */; };
		AE582424180418EF00DA6652 /* GameKit.framework in Frameworks */ = {isa = PBXBuildFile; fileRef = AE582423180418EF00DA6652 /* GameKit.framework */; };
		AE582426180418FA00DA6652 /* StoreKit.framework in Frameworks */ = {isa = PBXBuildFile; fileRef = AE582425180418FA00DA6652 /* StoreKit.framework */; };
		AE58242A1804197200DA6652 /* AdSupport.framework in Frameworks */ = {isa = PBXBuildFile; fileRef = AE5824291804197200DA6652 /* AdSupport.framework */; };
		BC6E284116AE25FA0031CDAB /* QuartzCore.framework in Frameworks */ = {isa = PBXBuildFile; fileRef = BC6E284016AE25FA0031CDAB /* QuartzCore.framework */; };
		BC6E284316AE25FA0031CDAB /* OpenGLES.framework in Frameworks */ = {isa = PBXBuildFile; fileRef = BC6E284216AE25FA0031CDAB /* OpenGLES.framework */; };
		BC6E284716AE25FA0031CDAB /* AudioToolbox.framework in Frameworks */ = {isa = PBXBuildFile; fileRef = BC6E284616AE25FA0031CDAB /* AudioToolbox.framework */; };
		BC6E284916AE25FA0031CDAB /* AVFoundation.framework in Frameworks */ = {isa = PBXBuildFile; fileRef = BC6E284816AE25FA0031CDAB /* AVFoundation.framework */; };
		BC6E284B16AE25FA0031CDAB /* UIKit.framework in Frameworks */ = {isa = PBXBuildFile; fileRef = BC6E284A16AE25FA0031CDAB /* UIKit.framework */; };
		BC6E284D16AE25FA0031CDAB /* Foundation.framework in Frameworks */ = {isa = PBXBuildFile; fileRef = BC6E284C16AE25FA0031CDAB /* Foundation.framework */; };
		BC6E284F16AE25FA0031CDAB /* CoreGraphics.framework in Frameworks */ = {isa = PBXBuildFile; fileRef = BC6E284E16AE25FA0031CDAB /* CoreGraphics.framework */; };
		BCC344FE17462DEB0075AFFC /* MediaPlayer.framework in Frameworks */ = {isa = PBXBuildFile; fileRef = BCC344FD17462DEB0075AFFC /* MediaPlayer.framework */; };
/* End PBXBuildFile section */

/* Begin PBXFileReference section */
		92458096180CDF14005BC620 /* Foundation.framework */ = {isa = PBXFileReference; lastKnownFileType = wrapper.framework; name = Foundation.framework; path = Platforms/MacOSX.platform/Developer/SDKs/MacOSX10.8.sdk/System/Library/Frameworks/Foundation.framework; sourceTree = DEVELOPER_DIR; };
		92458098180CDF27005BC620 /* OpenGL.framework */ = {isa = PBXFileReference; lastKnownFileType = wrapper.framework; name = OpenGL.framework; path = Platforms/MacOSX.platform/Developer/SDKs/MacOSX10.8.sdk/System/Library/Frameworks/OpenGL.framework; sourceTree = DEVELOPER_DIR; };
		9245809A180CDF3F005BC620 /* libcurl.dylib */ = {isa = PBXFileReference; lastKnownFileType = "compiled.mach-o.dylib"; name = libcurl.dylib; path = Platforms/MacOSX.platform/Developer/SDKs/MacOSX10.8.sdk/usr/lib/libcurl.dylib; sourceTree = DEVELOPER_DIR; };
		9245809C180CDF4C005BC620 /* libz.dylib */ = {isa = PBXFileReference; lastKnownFileType = "compiled.mach-o.dylib"; name = libz.dylib; path = Platforms/MacOSX.platform/Developer/SDKs/MacOSX10.8.sdk/usr/lib/libz.dylib; sourceTree = DEVELOPER_DIR; };
		9245809E180CDF5B005BC620 /* AudioToolbox.framework */ = {isa = PBXFileReference; lastKnownFileType = wrapper.framework; name = AudioToolbox.framework; path = Platforms/MacOSX.platform/Developer/SDKs/MacOSX10.8.sdk/System/Library/Frameworks/AudioToolbox.framework; sourceTree = DEVELOPER_DIR; };
		924580A0180CDF68005BC620 /* ApplicationServices.framework */ = {isa = PBXFileReference; lastKnownFileType = wrapper.framework; name = ApplicationServices.framework; path = Platforms/MacOSX.platform/Developer/SDKs/MacOSX10.8.sdk/System/Library/Frameworks/ApplicationServices.framework; sourceTree = DEVELOPER_DIR; };
		924580A2180CDF77005BC620 /* QuartzCore.framework */ = {isa = PBXFileReference; lastKnownFileType = wrapper.framework; name = QuartzCore.framework; path = Platforms/MacOSX.platform/Developer/SDKs/MacOSX10.8.sdk/System/Library/Frameworks/QuartzCore.framework; sourceTree = DEVELOPER_DIR; };
		924580A4180CDF7D005BC620 /* OpenAL.framework */ = {isa = PBXFileReference; lastKnownFileType = wrapper.framework; name = OpenAL.framework; path = Platforms/MacOSX.platform/Developer/SDKs/MacOSX10.8.sdk/System/Library/Frameworks/OpenAL.framework; sourceTree = DEVELOPER_DIR; };
		92D58E41180BC66F007B7041 /* AppController.h */ = {isa = PBXFileReference; fileEncoding = 4; lastKnownFileType = sourcecode.c.h; path = AppController.h; sourceTree = SOURCE_ROOT; };
		92D58E42180BC66F007B7041 /* AppController.mm */ = {isa = PBXFileReference; fileEncoding = 4; lastKnownFileType = sourcecode.cpp.objcpp; path = AppController.mm; sourceTree = SOURCE_ROOT; };
		92D58E43180BC66F007B7041 /* main.m */ = {isa = PBXFileReference; fileEncoding = 4; lastKnownFileType = sourcecode.c.objc; path = main.m; sourceTree = SOURCE_ROOT; };
		92D58E44180BC66F007B7041 /* RootViewController.h */ = {isa = PBXFileReference; fileEncoding = 4; lastKnownFileType = sourcecode.c.h; path = RootViewController.h; sourceTree = SOURCE_ROOT; };
		92D58E45180BC66F007B7041 /* RootViewController.mm */ = {isa = PBXFileReference; fileEncoding = 4; lastKnownFileType = sourcecode.cpp.objcpp; path = RootViewController.mm; sourceTree = SOURCE_ROOT; };
		92FE3F25180CDE92005E7EB4 /* Cocoa.framework */ = {isa = PBXFileReference; lastKnownFileType = wrapper.framework; name = Cocoa.framework; path = Library/Frameworks/Cocoa.framework; sourceTree = DEVELOPER_DIR; };
		92FE3F28180CDE92005E7EB4 /* AppKit.framework */ = {isa = PBXFileReference; lastKnownFileType = wrapper.framework; name = AppKit.framework; path = Library/Frameworks/AppKit.framework; sourceTree = SDKROOT; };
		92FE3F29180CDE92005E7EB4 /* CoreData.framework */ = {isa = PBXFileReference; lastKnownFileType = wrapper.framework; name = CoreData.framework; path = Library/Frameworks/CoreData.framework; sourceTree = SDKROOT; };
		92FE3F2A180CDE92005E7EB4 /* Foundation.framework */ = {isa = PBXFileReference; lastKnownFileType = wrapper.framework; name = Foundation.framework; path = Library/Frameworks/Foundation.framework; sourceTree = SDKROOT; };
		92FE3F44180CDE92005E7EB4 /* XCTest.framework */ = {isa = PBXFileReference; lastKnownFileType = wrapper.framework; name = XCTest.framework; path = Library/Frameworks/XCTest.framework; sourceTree = DEVELOPER_DIR; };
		92FE3F60180CDEB1005E7EB4 /* Cocoa.framework */ = {isa = PBXFileReference; lastKnownFileType = wrapper.framework; name = Cocoa.framework; path = Platforms/MacOSX.platform/Developer/SDKs/MacOSX10.8.sdk/System/Library/Frameworks/Cocoa.framework; sourceTree = DEVELOPER_DIR; };
		AE582423180418EF00DA6652 /* GameKit.framework */ = {isa = PBXFileReference; lastKnownFileType = wrapper.framework; name = GameKit.framework; path = System/Library/Frameworks/GameKit.framework; sourceTree = SDKROOT; };
		AE582425180418FA00DA6652 /* StoreKit.framework */ = {isa = PBXFileReference; lastKnownFileType = wrapper.framework; name = StoreKit.framework; path = System/Library/Frameworks/StoreKit.framework; sourceTree = SDKROOT; };
		AE5824291804197200DA6652 /* AdSupport.framework */ = {isa = PBXFileReference; lastKnownFileType = wrapper.framework; name = AdSupport.framework; path = System/Library/Frameworks/AdSupport.framework; sourceTree = SDKROOT; };
		BC6E283C16AE25FA0031CDAB /* sos.app */ = {isa = PBXFileReference; explicitFileType = wrapper.application; includeInIndex = 0; path = sos.app; sourceTree = BUILT_PRODUCTS_DIR; };
		BC6E284016AE25FA0031CDAB /* QuartzCore.framework */ = {isa = PBXFileReference; lastKnownFileType = wrapper.framework; name = QuartzCore.framework; path = System/Library/Frameworks/QuartzCore.framework; sourceTree = SDKROOT; };
		BC6E284216AE25FA0031CDAB /* OpenGLES.framework */ = {isa = PBXFileReference; lastKnownFileType = wrapper.framework; name = OpenGLES.framework; path = System/Library/Frameworks/OpenGLES.framework; sourceTree = SDKROOT; };
		BC6E284616AE25FA0031CDAB /* AudioToolbox.framework */ = {isa = PBXFileReference; lastKnownFileType = wrapper.framework; name = AudioToolbox.framework; path = System/Library/Frameworks/AudioToolbox.framework; sourceTree = SDKROOT; };
		BC6E284816AE25FA0031CDAB /* AVFoundation.framework */ = {isa = PBXFileReference; lastKnownFileType = wrapper.framework; name = AVFoundation.framework; path = System/Library/Frameworks/AVFoundation.framework; sourceTree = SDKROOT; };
		BC6E284A16AE25FA0031CDAB /* UIKit.framework */ = {isa = PBXFileReference; lastKnownFileType = wrapper.framework; name = UIKit.framework; path = System/Library/Frameworks/UIKit.framework; sourceTree = SDKROOT; };
		BC6E284C16AE25FA0031CDAB /* Foundation.framework */ = {isa = PBXFileReference; lastKnownFileType = wrapper.framework; name = Foundation.framework; path = System/Library/Frameworks/Foundation.framework; sourceTree = SDKROOT; };
		BC6E284E16AE25FA0031CDAB /* CoreGraphics.framework */ = {isa = PBXFileReference; lastKnownFileType = wrapper.framework; name = CoreGraphics.framework; path = System/Library/Frameworks/CoreGraphics.framework; sourceTree = SDKROOT; };
		BCC344FD17462DEB0075AFFC /* MediaPlayer.framework */ = {isa = PBXFileReference; lastKnownFileType = wrapper.framework; name = MediaPlayer.framework; path = System/Library/Frameworks/MediaPlayer.framework; sourceTree = SDKROOT; };
/* End PBXFileReference section */

/* Begin PBXFrameworksBuildPhase section */
		BC6E283916AE25FA0031CDAB /* Frameworks */ = {
			isa = PBXFrameworksBuildPhase;
			buildActionMask = 2147483647;
			files = (
				AE58242A1804197200DA6652 /* AdSupport.framework in Frameworks */,
				AE582426180418FA00DA6652 /* StoreKit.framework in Frameworks */,
				AE582424180418EF00DA6652 /* GameKit.framework in Frameworks */,
				BCC344FE17462DEB0075AFFC /* MediaPlayer.framework in Frameworks */,
				BC6E284116AE25FA0031CDAB /* QuartzCore.framework in Frameworks */,
				BC6E284316AE25FA0031CDAB /* OpenGLES.framework in Frameworks */,
				BC6E284716AE25FA0031CDAB /* AudioToolbox.framework in Frameworks */,
				BC6E284916AE25FA0031CDAB /* AVFoundation.framework in Frameworks */,
				BC6E284B16AE25FA0031CDAB /* UIKit.framework in Frameworks */,
				BC6E284D16AE25FA0031CDAB /* Foundation.framework in Frameworks */,
				BC6E284F16AE25FA0031CDAB /* CoreGraphics.framework in Frameworks */,
			);
			runOnlyForDeploymentPostprocessing = 0;
		};
/* End PBXFrameworksBuildPhase section */

/* Begin PBXGroup section */
		92FE3F27180CDE92005E7EB4 /* Other Frameworks */ = {
			isa = PBXGroup;
			children = (
				92FE3F28180CDE92005E7EB4 /* AppKit.framework */,
				92FE3F29180CDE92005E7EB4 /* CoreData.framework */,
				92FE3F2A180CDE92005E7EB4 /* Foundation.framework */,
			);
			name = "Other Frameworks";
			sourceTree = "<group>";
		};
		BC6E283116AE25FA0031CDAB = {
			isa = PBXGroup;
			children = (
				BCA3693C174E0CFC0048566A /* ios */,
				BC6E283F16AE25FA0031CDAB /* Frameworks */,
				BC6E283D16AE25FA0031CDAB /* Products */,
			);
			sourceTree = "<group>";
		};
		BC6E283D16AE25FA0031CDAB /* Products */ = {
			isa = PBXGroup;
			children = (
				BC6E283C16AE25FA0031CDAB /* sos.app */,
			);
			name = Products;
			sourceTree = "<group>";
		};
		BC6E283F16AE25FA0031CDAB /* Frameworks */ = {
			isa = PBXGroup;
			children = (
				924580A4180CDF7D005BC620 /* OpenAL.framework */,
				924580A2180CDF77005BC620 /* QuartzCore.framework */,
				924580A0180CDF68005BC620 /* ApplicationServices.framework */,
				9245809E180CDF5B005BC620 /* AudioToolbox.framework */,
				9245809C180CDF4C005BC620 /* libz.dylib */,
				9245809A180CDF3F005BC620 /* libcurl.dylib */,
				92458098180CDF27005BC620 /* OpenGL.framework */,
				92458096180CDF14005BC620 /* Foundation.framework */,
				92FE3F60180CDEB1005E7EB4 /* Cocoa.framework */,
				AE5824291804197200DA6652 /* AdSupport.framework */,
				AE582425180418FA00DA6652 /* StoreKit.framework */,
				AE582423180418EF00DA6652 /* GameKit.framework */,
				BCC344FD17462DEB0075AFFC /* MediaPlayer.framework */,
				BC6E284016AE25FA0031CDAB /* QuartzCore.framework */,
				BC6E284216AE25FA0031CDAB /* OpenGLES.framework */,
				BC6E284616AE25FA0031CDAB /* AudioToolbox.framework */,
				BC6E284816AE25FA0031CDAB /* AVFoundation.framework */,
				BC6E284A16AE25FA0031CDAB /* UIKit.framework */,
				BC6E284C16AE25FA0031CDAB /* Foundation.framework */,
				BC6E284E16AE25FA0031CDAB /* CoreGraphics.framework */,
				92FE3F25180CDE92005E7EB4 /* Cocoa.framework */,
				92FE3F44180CDE92005E7EB4 /* XCTest.framework */,
				92FE3F27180CDE92005E7EB4 /* Other Frameworks */,
			);
			name = Frameworks;
			sourceTree = "<group>";
		};
		BCA3693C174E0CFC0048566A /* ios */ = {
			isa = PBXGroup;
			children = (
				92D58E41180BC66F007B7041 /* AppController.h */,
				92D58E42180BC66F007B7041 /* AppController.mm */,
				92D58E43180BC66F007B7041 /* main.m */,
				92D58E44180BC66F007B7041 /* RootViewController.h */,
				92D58E45180BC66F007B7041 /* RootViewController.mm */,
			);
			name = ios;
			path = FootballManager/ios;
			sourceTree = "<group>";
		};
/* End PBXGroup section */

/* Begin PBXNativeTarget section */
		BC6E283B16AE25FA0031CDAB /* sos */ = {
			isa = PBXNativeTarget;
			buildConfigurationList = BC6E2AE516AE25FF0031CDAB /* Build configuration list for PBXNativeTarget "sos" */;
			buildPhases = (
				BC6E283816AE25FA0031CDAB /* Sources */,
				BC6E283916AE25FA0031CDAB /* Frameworks */,
				BC6E283A16AE25FA0031CDAB /* Resources */,
			);
			buildRules = (
			);
			dependencies = (
			);
			name = sos;
			productName = FootballManager;
			productReference = BC6E283C16AE25FA0031CDAB /* sos.app */;
			productType = "com.apple.product-type.application";
		};
/* End PBXNativeTarget section */

/* Begin PBXProject section */
		BC6E283316AE25FA0031CDAB /* Project object */ = {
			isa = PBXProject;
			attributes = {
				LastUpgradeCheck = 0450;
			};
			buildConfigurationList = BC6E283616AE25FA0031CDAB /* Build configuration list for PBXProject "sos" */;
			compatibilityVersion = "Xcode 3.2";
			developmentRegion = English;
			hasScannedForEncodings = 0;
			knownRegions = (
				en,
				Base,
			);
			mainGroup = BC6E283116AE25FA0031CDAB;
			productRefGroup = BC6E283D16AE25FA0031CDAB /* Products */;
			projectDirPath = "";
			projectRoot = "";
			targets = (
				BC6E283B16AE25FA0031CDAB /* sos */,
			);
		};
/* End PBXProject section */

/* Begin PBXResourcesBuildPhase section */
		BC6E283A16AE25FA0031CDAB /* Resources */ = {
			isa = PBXResourcesBuildPhase;
			buildActionMask = 2147483647;
			files = (
			);
			runOnlyForDeploymentPostprocessing = 0;
		};
/* End PBXResourcesBuildPhase section */

/* Begin PBXSourcesBuildPhase section */
		BC6E283816AE25FA0031CDAB /* Sources */ = {
			isa = PBXSourcesBuildPhase;
			buildActionMask = 2147483647;
			files = (
				92D58E47180BC66F007B7041 /* main.m in Sources */,
				92D58E48180BC66F007B7041 /* RootViewController.mm in Sources */,
				92D58E46180BC66F007B7041 /* AppController.mm in Sources */,
			);
			runOnlyForDeploymentPostprocessing = 0;
		};
/* End PBXSourcesBuildPhase section */

/* Begin XCBuildConfiguration section */
		BC6E2AE316AE25FF0031CDAB /* Debug */ = {
			isa = XCBuildConfiguration;
			buildSettings = {
				ARCHS = "$(ARCHS_STANDARD_32_BIT)";
				CODE_SIGN_IDENTITY = "iPhone Developer: song hongyu (6R4L5CKN8Z)";
				"CODE_SIGN_IDENTITY[sdk=iphoneos*]" = "iPhone Developer: song hongyu (6R4L5CKN8Z)";
				GCC_C_LANGUAGE_STANDARD = gnu99;
				GCC_OPTIMIZATION_LEVEL = 0;
				GCC_PREPROCESSOR_DEFINITIONS = (
					DEBUG,
					"COCOS2D_DEBUG=1",
					USE_FILE32API,
					TARGET_OS_IPHONE,
				);
				GCC_SYMBOLS_PRIVATE_EXTERN = NO;
				GCC_WARN_ABOUT_RETURN_TYPE = YES;
				GCC_WARN_UNUSED_VARIABLE = YES;
				HEADER_SEARCH_PATHS = (
					"\"$(PROJECT_NAME)/libs/cocos2dx/kazmath/include\"",
					"\"$(PROJECT_NAME)/libs/cocos2dx\"",
					"\"$(PROJECT_NAME)/libs/CocosDenshion/include\"",
					"\"$(SDKROOT)/usr/include/libxml2\"",
					"\"$(PROJECT_NAME)/libs/cocos2dx/include\"",
					"\"$(PROJECT_NAME)/libs/cocos2dx/platform/third_party/ios\"",
					"\"$(PROJECT_NAME)/libs/cocos2dx/platform/ios\"",
				);
				IPHONEOS_DEPLOYMENT_TARGET = 5.0;
				PROVISIONING_PROFILE = "FA49818D-C7DA-48F1-80DA-978124C8C167";
				SDKROOT = iphoneos;
				TARGETED_DEVICE_FAMILY = "1,2";
			};
			name = Debug;
		};
		BC6E2AE416AE25FF0031CDAB /* Release */ = {
			isa = XCBuildConfiguration;
			buildSettings = {
				ARCHS = "$(ARCHS_STANDARD_32_BIT)";
				CODE_SIGN_IDENTITY = "iPhone Developer: song hongyu (6R4L5CKN8Z)";
				"CODE_SIGN_IDENTITY[sdk=iphoneos*]" = "iPhone Developer: song hongyu (6R4L5CKN8Z)";
				GCC_C_LANGUAGE_STANDARD = gnu99;
				GCC_PREPROCESSOR_DEFINITIONS = (
					NDEBUG,
					USE_FILE32API,
					TARGET_OS_IPHONE,
				);
				GCC_WARN_ABOUT_RETURN_TYPE = YES;
				GCC_WARN_UNUSED_VARIABLE = YES;
				HEADER_SEARCH_PATHS = (
					"\"$(PROJECT_NAME)/libs/cocos2dx/kazmath/include\"",
					"\"$(PROJECT_NAME)/libs/cocos2dx\"",
					"\"$(PROJECT_NAME)/libs/CocosDenshion/include\"",
					"\"$(SDKROOT)/usr/include/libxml2\"",
					"\"$(PROJECT_NAME)/libs/cocos2dx/include\"",
					"\"$(PROJECT_NAME)/libs/cocos2dx/platform/third_party/ios\"",
					"\"$(PROJECT_NAME)/libs/cocos2dx/platform/ios\"",
				);
				IPHONEOS_DEPLOYMENT_TARGET = 5.0;
				OTHER_CFLAGS = "-DNS_BLOCK_ASSERTIONS=1";
				PROVISIONING_PROFILE = "FA49818D-C7DA-48F1-80DA-978124C8C167";
				SDKROOT = iphoneos;
				TARGETED_DEVICE_FAMILY = "1,2";
			};
			name = Release;
		};
		BC6E2AE616AE25FF0031CDAB /* Debug */ = {
			isa = XCBuildConfiguration;
			buildSettings = {
				ALWAYS_SEARCH_USER_PATHS = NO;
				CLANG_CXX_LANGUAGE_STANDARD = "c++0x";
				CLANG_CXX_LIBRARY = "libc++";
				CODE_SIGN_IDENTITY = "iPhone Developer: song hongyu (6R4L5CKN8Z)";
				"CODE_SIGN_IDENTITY[sdk=iphoneos*]" = "iPhone Developer: song hongyu (6R4L5CKN8Z)";
				COPY_PHASE_STRIP = NO;
				GCC_DYNAMIC_NO_PIC = NO;
				GCC_PRECOMPILE_PREFIX_HEADER = YES;
				GCC_PREFIX_HEADER = sos_Prefix.pch;
				GCC_PREPROCESSOR_DEFINITIONS = (
					DEBUG,
					"COCOS2D_DEBUG=1",
					USE_FILE32API,
					TARGET_OS_IPHONE,
					CC_TARGET_OS_IPHONE,
				);
				"GCC_THUMB_SUPPORT[arch=armv6]" = "";
				HEADER_SEARCH_PATHS = (
					"\"/Users/mingyue/Downloads/work/cocos2d-x-3.0alpha0-pre/cocos2dx\"",
					"\"/Users/mingyue/Downloads/work/cocos2d-x-3.0alpha0-pre/cocos2dx/include\"",
					"\"/Users/mingyue/Downloads/work/cocos2d-x-3.0alpha0-pre/cocos2dx/platform/ios\"",
					"\"/Users/mingyue/Downloads/work/cocos2d-x-3.0alpha0-pre/cocos2dx/platform/third_party/ios\"",
					"\"/Users/mingyue/Downloads/work/cocos2d-x-3.0alpha0-pre/cocos2dx/kazmath/include\"",
					"\"/Users/mingyue/Downloads/work/cocos2d-x-3.0alpha0-pre/CocosDenshion/include\"",
					"\"/Users/mingyue/Downloads/work/cocos2d-x-3.0alpha0-pre/extensions\"",
					"\"/Users/mingyue/Downloads/work/cocos2d-x-3.0alpha0-pre/external\"",
					"\"/Users/mingyue/Downloads/work/cocos2d-x-3.0alpha0-pre/external/chipmunk/include/chipmunk\"",
					"\"/Users/mingyue/Downloads/work/cocos2d-x-3.0alpha0-pre/scripting/javascript/spidermonkey-ios/include\"",
					"\"/Users/mingyue/Downloads/work/cocos2d-x-3.0alpha0-pre/scripting/lua/cocos2dx_support\"",
					"\"/Users/mingyue/Downloads/work/cocos2d-x-3.0alpha0-pre/scripting/lua/luajit/include\"",
					"\"/Users/mingyue/Downloads/work/cocos2d-x-3.0alpha0-pre/scripting/lua/tolua\"",
					"\"$(SDKROOT)/usr/include/libxml2\"",
					"\"/Users/mingyue/Downloads/work/ymproject/cocos/framework/Classes\"",
					"\"/Users/mingyue/Downloads/work/ymproject/cocos/engine/Classes\"",
				);
				INFOPLIST_FILE = "$(SRCROOT)/../Resources/Info.plist";
				IPHONEOS_DEPLOYMENT_TARGET = 5.0;
				LIBRARY_SEARCH_PATHS = (
					"$(inherited)",
					"$(PROJECT_NAME)/libs/cocos2dx/platform/third_party/ios/libraries",
					"/Users/dengjiangbing/workspace/football_manager/ios/XcodeProject\\ 2/FootballManager/FootballManager/libs/ourpalm",
					"/Users/mingyue/Downloads/work/cocos2d-x-3.0alpha0-pre/cocos2dx/platform/third_party/emscripten/libraries",
					"/Users/mingyue/Downloads/work/cocos2d-x-3.0alpha0-pre/cocos2dx/platform/third_party/ios/libraries",
					"/Users/mingyue/Downloads/work/cocos2d-x-3.0alpha0-pre/cocos2dx/platform/third_party/linux/libraries/lib64",
					"/Users/mingyue/Downloads/work/cocos2d-x-3.0alpha0-pre/cocos2dx/platform/third_party/linux/libraries",
					"/Users/mingyue/Downloads/work/cocos2d-x-3.0alpha0-pre/cocos2dx/platform/third_party/mac/libraries",
					"/Users/mingyue/Downloads/work/cocos2d-x-3.0alpha0-pre/cocos2dx/platform/third_party/tizen/prebuilt/libwebp/libs/armv7l",
					"/Users/mingyue/Downloads/work/cocos2d-x-3.0alpha0-pre/cocos2dx/platform/third_party/tizen/prebuilt/libwebp/libs/x86",
					"/Users/mingyue/Downloads/work/cocos2d-x-3.0alpha0-pre/cocos2dx/platform/third_party/win32/libraries",
					"/Users/mingyue/Downloads/work/cocos2d-x-3.0alpha0-pre/scripting/lua/luajit/android/armeabi",
					"/Users/mingyue/Downloads/work/cocos2d-x-3.0alpha0-pre/scripting/lua/luajit/android/armeabi-v7a",
					"/Users/mingyue/Downloads/work/cocos2d-x-3.0alpha0-pre/scripting/lua/luajit/android/x86",
					"/Users/mingyue/Downloads/work/cocos2d-x-3.0alpha0-pre/scripting/lua/luajit/ios",
					"/Users/mingyue/Downloads/work/cocos2d-x-3.0alpha0-pre/scripting/lua/luajit/mac",
					"/Users/mingyue/Downloads/work/cocos2d-x-3.0alpha0-pre/scripting/lua/luajit/win32",
					"/Users/mingyue/Downloads/work/cocos2d-x-3.0alpha0-pre/cocos2dx/platform/third_party/android/prebuilt/libcurl/libs/armeabi",
					"/Users/mingyue/Downloads/work/cocos2d-x-3.0alpha0-pre/cocos2dx/platform/third_party/android/prebuilt/libcurl/libs/armeabi-v7a",
					"/Users/mingyue/Downloads/work/cocos2d-x-3.0alpha0-pre/cocos2dx/platform/third_party/android/prebuilt/libcurl/libs/x86",
					"/Users/mingyue/Downloads/work/cocos2d-x-3.0alpha0-pre/cocos2dx/platform/third_party/android/prebuilt/libjpeg/libs/armeabi",
					"/Users/mingyue/Downloads/work/cocos2d-x-3.0alpha0-pre/cocos2dx/platform/third_party/android/prebuilt/libjpeg/libs/armeabi-v7a",
					"/Users/mingyue/Downloads/work/cocos2d-x-3.0alpha0-pre/cocos2dx/platform/third_party/android/prebuilt/libjpeg/libs/x86",
					"/Users/mingyue/Downloads/work/cocos2d-x-3.0alpha0-pre/cocos2dx/platform/third_party/android/prebuilt/libpng/libs/armeabi",
					"/Users/mingyue/Downloads/work/cocos2d-x-3.0alpha0-pre/cocos2dx/platform/third_party/android/prebuilt/libpng/libs/armeabi-v7a",
					"/Users/mingyue/Downloads/work/cocos2d-x-3.0alpha0-pre/cocos2dx/platform/third_party/android/prebuilt/libpng/libs/x86",
					"/Users/mingyue/Downloads/work/cocos2d-x-3.0alpha0-pre/cocos2dx/platform/third_party/android/prebuilt/libtiff/libs/armeabi",
					"/Users/mingyue/Downloads/work/cocos2d-x-3.0alpha0-pre/cocos2dx/platform/third_party/android/prebuilt/libtiff/libs/armeabi-v7a",
					"/Users/mingyue/Downloads/work/cocos2d-x-3.0alpha0-pre/cocos2dx/platform/third_party/android/prebuilt/libtiff/libs/x86",
					"/Users/mingyue/Downloads/work/cocos2d-x-3.0alpha0-pre/cocos2dx/platform/third_party/android/prebuilt/libwebp/libs/armeabi",
					"/Users/mingyue/Downloads/work/cocos2d-x-3.0alpha0-pre/cocos2dx/platform/third_party/android/prebuilt/libwebp/libs/armeabi-v7a",
					"/Users/mingyue/Downloads/work/cocos2d-x-3.0alpha0-pre/cocos2dx/platform/third_party/android/prebuilt/libwebp/libs/x86",
					"/Users/mingyue/Downloads/work/cocos2d-x-3.0alpha0-pre/external/libwebsockets/android/lib/armeabi",
					"/Users/mingyue/Downloads/work/cocos2d-x-3.0alpha0-pre/external/libwebsockets/android/lib/armeabi-v7a",
					"/Users/mingyue/Downloads/work/cocos2d-x-3.0alpha0-pre/external/libwebsockets/android/lib/x86",
					"/Users/mingyue/Downloads/work/cocos2d-x-3.0alpha0-pre/external/libwebsockets/ios/lib",
					"/Users/mingyue/Downloads/work/cocos2d-x-3.0alpha0-pre/external/libwebsockets/mac/lib",
					"/Users/mingyue/Downloads/work/cocos2d-x-3.0alpha0-pre/external/libwebsockets/tizen/lib/armv7l",
					"/Users/mingyue/Downloads/work/cocos2d-x-3.0alpha0-pre/external/libwebsockets/tizen/lib/x86",
					"/Users/mingyue/Downloads/work/cocos2d-x-3.0alpha0-pre/external/libwebsockets/win32/lib",
					"/Users/mingyue/Downloads/work/cocos2d-x-3.0alpha0-pre/external/sqlite3/libraries/win32",
					"/Users/mingyue/Downloads/work/cocos2d-x-3.0alpha0-pre/scripting/javascript/spidermonkey-android/lib/armeabi",
					"/Users/mingyue/Downloads/work/cocos2d-x-3.0alpha0-pre/scripting/javascript/spidermonkey-android/lib/armeabi-v7a",
					"/Users/mingyue/Downloads/work/cocos2d-x-3.0alpha0-pre/scripting/javascript/spidermonkey-android/lib/x86",
					"/Users/mingyue/Downloads/work/cocos2d-x-3.0alpha0-pre/scripting/javascript/spidermonkey-ios/lib",
					"/Users/mingyue/Downloads/work/cocos2d-x-3.0alpha0-pre/scripting/javascript/spidermonkey-mac/lib",
					"/Users/mingyue/Downloads/work/cocos2d-x-3.0alpha0-pre/scripting/javascript/spidermonkey-win32/lib",
				);
				OTHER_LDFLAGS = (
					"-lxml2",
					"-lz",
				);
				PRODUCT_NAME = sos;
				PROVISIONING_PROFILE = "";
				VALID_ARCHS = "arm64 armv7";
				WRAPPER_EXTENSION = app;
			};
			name = Debug;
		};
		BC6E2AE716AE25FF0031CDAB /* Release */ = {
			isa = XCBuildConfiguration;
			buildSettings = {
				ALWAYS_SEARCH_USER_PATHS = NO;
				CLANG_CXX_LANGUAGE_STANDARD = "c++0x";
				CLANG_CXX_LIBRARY = "libc++";
				CODE_SIGN_IDENTITY = "iPhone Developer: song hongyu (6R4L5CKN8Z)";
				"CODE_SIGN_IDENTITY[sdk=iphoneos*]" = "iPhone Developer: song hongyu (6R4L5CKN8Z)";
				COPY_PHASE_STRIP = YES;
				GCC_PRECOMPILE_PREFIX_HEADER = YES;
				GCC_PREFIX_HEADER = sos_Prefix.pch;
				GCC_PREPROCESSOR_DEFINITIONS = (
					NDEBUG,
					USE_FILE32API,
					TARGET_OS_IPHONE,
					CC_TARGET_OS_IPHONE,
				);
				"GCC_THUMB_SUPPORT[arch=armv6]" = "";
				HEADER_SEARCH_PATHS = (
					"\"/Users/mingyue/Downloads/work/cocos2d-x-3.0alpha0-pre/cocos2dx\"",
					"\"/Users/mingyue/Downloads/work/cocos2d-x-3.0alpha0-pre/cocos2dx/include\"",
					"\"/Users/mingyue/Downloads/work/cocos2d-x-3.0alpha0-pre/cocos2dx/platform/ios\"",
					"\"/Users/mingyue/Downloads/work/cocos2d-x-3.0alpha0-pre/cocos2dx/platform/third_party/ios\"",
					"\"/Users/mingyue/Downloads/work/cocos2d-x-3.0alpha0-pre/cocos2dx/kazmath/include\"",
					"\"/Users/mingyue/Downloads/work/cocos2d-x-3.0alpha0-pre/CocosDenshion/include\"",
					"\"/Users/mingyue/Downloads/work/cocos2d-x-3.0alpha0-pre/extensions\"",
					"\"/Users/mingyue/Downloads/work/cocos2d-x-3.0alpha0-pre/external\"",
					"\"/Users/mingyue/Downloads/work/cocos2d-x-3.0alpha0-pre/external/chipmunk/include/chipmunk\"",
					"\"/Users/mingyue/Downloads/work/cocos2d-x-3.0alpha0-pre/scripting/javascript/spidermonkey-ios/include\"",
					"\"/Users/mingyue/Downloads/work/cocos2d-x-3.0alpha0-pre/scripting/lua/cocos2dx_support\"",
					"\"/Users/mingyue/Downloads/work/cocos2d-x-3.0alpha0-pre/scripting/lua/luajit/include\"",
					"\"/Users/mingyue/Downloads/work/cocos2d-x-3.0alpha0-pre/scripting/lua/tolua\"",
					"\"$(SDKROOT)/usr/include/libxml2\"",
					"\"/Users/mingyue/Downloads/work/ymproject/cocos/framework/Classes\"",
					"\"/Users/mingyue/Downloads/work/ymproject/cocos/engine/Classes\"",
				);
				INFOPLIST_FILE = "$(SRCROOT)/../Resources/Info.plist";
				IPHONEOS_DEPLOYMENT_TARGET = 5.0;
				LIBRARY_SEARCH_PATHS = (
					"$(inherited)",
					"$(PROJECT_NAME)/libs/cocos2dx/platform/third_party/ios/libraries",
					"/Users/dengjiangbing/workspace/football_manager/ios/XcodeProject\\ 2/FootballManager/FootballManager/libs/ourpalm",
					"/Users/mingyue/Downloads/work/cocos2d-x-3.0alpha0-pre/cocos2dx/platform/third_party/emscripten/libraries",
					"/Users/mingyue/Downloads/work/cocos2d-x-3.0alpha0-pre/cocos2dx/platform/third_party/ios/libraries",
					"/Users/mingyue/Downloads/work/cocos2d-x-3.0alpha0-pre/cocos2dx/platform/third_party/linux/libraries/lib64",
					"/Users/mingyue/Downloads/work/cocos2d-x-3.0alpha0-pre/cocos2dx/platform/third_party/linux/libraries",
					"/Users/mingyue/Downloads/work/cocos2d-x-3.0alpha0-pre/cocos2dx/platform/third_party/mac/libraries",
					"/Users/mingyue/Downloads/work/cocos2d-x-3.0alpha0-pre/cocos2dx/platform/third_party/tizen/prebuilt/libwebp/libs/armv7l",
					"/Users/mingyue/Downloads/work/cocos2d-x-3.0alpha0-pre/cocos2dx/platform/third_party/tizen/prebuilt/libwebp/libs/x86",
					"/Users/mingyue/Downloads/work/cocos2d-x-3.0alpha0-pre/cocos2dx/platform/third_party/win32/libraries",
					"/Users/mingyue/Downloads/work/cocos2d-x-3.0alpha0-pre/scripting/lua/luajit/android/armeabi",
					"/Users/mingyue/Downloads/work/cocos2d-x-3.0alpha0-pre/scripting/lua/luajit/android/armeabi-v7a",
					"/Users/mingyue/Downloads/work/cocos2d-x-3.0alpha0-pre/scripting/lua/luajit/android/x86",
					"/Users/mingyue/Downloads/work/cocos2d-x-3.0alpha0-pre/scripting/lua/luajit/ios",
					"/Users/mingyue/Downloads/work/cocos2d-x-3.0alpha0-pre/scripting/lua/luajit/mac",
					"/Users/mingyue/Downloads/work/cocos2d-x-3.0alpha0-pre/scripting/lua/luajit/win32",
					"/Users/mingyue/Downloads/work/cocos2d-x-3.0alpha0-pre/cocos2dx/platform/third_party/android/prebuilt/libcurl/libs/armeabi",
					"/Users/mingyue/Downloads/work/cocos2d-x-3.0alpha0-pre/cocos2dx/platform/third_party/android/prebuilt/libcurl/libs/armeabi-v7a",
					"/Users/mingyue/Downloads/work/cocos2d-x-3.0alpha0-pre/cocos2dx/platform/third_party/android/prebuilt/libcurl/libs/x86",
					"/Users/mingyue/Downloads/work/cocos2d-x-3.0alpha0-pre/cocos2dx/platform/third_party/android/prebuilt/libjpeg/libs/armeabi",
					"/Users/mingyue/Downloads/work/cocos2d-x-3.0alpha0-pre/cocos2dx/platform/third_party/android/prebuilt/libjpeg/libs/armeabi-v7a",
					"/Users/mingyue/Downloads/work/cocos2d-x-3.0alpha0-pre/cocos2dx/platform/third_party/android/prebuilt/libjpeg/libs/x86",
					"/Users/mingyue/Downloads/work/cocos2d-x-3.0alpha0-pre/cocos2dx/platform/third_party/android/prebuilt/libpng/libs/armeabi",
					"/Users/mingyue/Downloads/work/cocos2d-x-3.0alpha0-pre/cocos2dx/platform/third_party/android/prebuilt/libpng/libs/armeabi-v7a",
					"/Users/mingyue/Downloads/work/cocos2d-x-3.0alpha0-pre/cocos2dx/platform/third_party/android/prebuilt/libpng/libs/x86",
					"/Users/mingyue/Downloads/work/cocos2d-x-3.0alpha0-pre/cocos2dx/platform/third_party/android/prebuilt/libtiff/libs/armeabi",
					"/Users/mingyue/Downloads/work/cocos2d-x-3.0alpha0-pre/cocos2dx/platform/third_party/android/prebuilt/libtiff/libs/armeabi-v7a",
					"/Users/mingyue/Downloads/work/cocos2d-x-3.0alpha0-pre/cocos2dx/platform/third_party/android/prebuilt/libtiff/libs/x86",
					"/Users/mingyue/Downloads/work/cocos2d-x-3.0alpha0-pre/cocos2dx/platform/third_party/android/prebuilt/libwebp/libs/armeabi",
					"/Users/mingyue/Downloads/work/cocos2d-x-3.0alpha0-pre/cocos2dx/platform/third_party/android/prebuilt/libwebp/libs/armeabi-v7a",
					"/Users/mingyue/Downloads/work/cocos2d-x-3.0alpha0-pre/cocos2dx/platform/third_party/android/prebuilt/libwebp/libs/x86",
					"/Users/mingyue/Downloads/work/cocos2d-x-3.0alpha0-pre/external/libwebsockets/android/lib/armeabi",
					"/Users/mingyue/Downloads/work/cocos2d-x-3.0alpha0-pre/external/libwebsockets/android/lib/armeabi-v7a",
					"/Users/mingyue/Downloads/work/cocos2d-x-3.0alpha0-pre/external/libwebsockets/android/lib/x86",
					"/Users/mingyue/Downloads/work/cocos2d-x-3.0alpha0-pre/external/libwebsockets/ios/lib",
					"/Users/mingyue/Downloads/work/cocos2d-x-3.0alpha0-pre/external/libwebsockets/mac/lib",
					"/Users/mingyue/Downloads/work/cocos2d-x-3.0alpha0-pre/external/libwebsockets/tizen/lib/armv7l",
					"/Users/mingyue/Downloads/work/cocos2d-x-3.0alpha0-pre/external/libwebsockets/tizen/lib/x86",
					"/Users/mingyue/Downloads/work/cocos2d-x-3.0alpha0-pre/external/libwebsockets/win32/lib",
					"/Users/mingyue/Downloads/work/cocos2d-x-3.0alpha0-pre/external/sqlite3/libraries/win32",
					"/Users/mingyue/Downloads/work/cocos2d-x-3.0alpha0-pre/scripting/javascript/spidermonkey-android/lib/armeabi",
					"/Users/mingyue/Downloads/work/cocos2d-x-3.0alpha0-pre/scripting/javascript/spidermonkey-android/lib/armeabi-v7a",
					"/Users/mingyue/Downloads/work/cocos2d-x-3.0alpha0-pre/scripting/javascript/spidermonkey-android/lib/x86",
					"/Users/mingyue/Downloads/work/cocos2d-x-3.0alpha0-pre/scripting/javascript/spidermonkey-ios/lib",
					"/Users/mingyue/Downloads/work/cocos2d-x-3.0alpha0-pre/scripting/javascript/spidermonkey-mac/lib",
					"/Users/mingyue/Downloads/work/cocos2d-x-3.0alpha0-pre/scripting/javascript/spidermonkey-win32/lib",
				);
				OTHER_LDFLAGS = (
					"-lxml2",
					"-lz",
				);
				PRODUCT_NAME = sos;
				PROVISIONING_PROFILE = "";
				VALIDATE_PRODUCT = YES;
				VALID_ARCHS = "arm64 armv7";
				WRAPPER_EXTENSION = app;
			};
			name = Release;
		};
/* End XCBuildConfiguration section */

/* Begin XCConfigurationList section */
		BC6E283616AE25FA0031CDAB /* Build configuration list for PBXProject "sos" */ = {
			isa = XCConfigurationList;
			buildConfigurations = (
				BC6E2AE316AE25FF0031CDAB /* Debug */,
				BC6E2AE416AE25FF0031CDAB /* Release */,
			);
			defaultConfigurationIsVisible = 0;
			defaultConfigurationName = Release;
		};
		BC6E2AE516AE25FF0031CDAB /* Build configuration list for PBXNativeTarget "sos" */ = {
			isa = XCConfigurationList;
			buildConfigurations = (
				BC6E2AE616AE25FF0031CDAB /* Debug */,
				BC6E2AE716AE25FF0031CDAB /* Release */,
			);
			defaultConfigurationIsVisible = 0;
			defaultConfigurationName = Release;
		};
/* End XCConfigurationList section */
	};
	rootObject = BC6E283316AE25FA0031CDAB /* Project object */;
}
