<?xml version="1.0" encoding="utf-8"?>
<Project ToolsVersion="4.0" xmlns="http://schemas.microsoft.com/developer/msbuild/2003">
  <ItemGroup>
    <ClInclude Include="Classes\mvvm\DataContext.h" />
    <ClInclude Include="Classes\mvvm\framework.h" />
    <ClInclude Include="Classes\mvvm\model.h" />
    <ClInclude Include="Classes\mvvm\view.h" />
    <ClInclude Include="Classes\mvvm\interface.h" />
    <ClInclude Include="Classes\mvvm\dependency.h" />
    <ClInclude Include="Classes\mvvm\viewmodel.h" />
  </ItemGroup>
  <ItemGroup>
    <ClCompile Include="Classes\mvvm\interface.cpp" />
  </ItemGroup>
</Project>