<?xml version="1.0" encoding="utf-8"?>
<Project ToolsVersion="4.0" xmlns="http://schemas.microsoft.com/developer/msbuild/2003">
  <ItemGroup>
    <ClInclude Include="Classes\object\IMovableObject.h">
      <Filter>SceneObject</Filter>
    </ClInclude>
    <ClInclude Include="Classes\object\IPhysicsMovableObject.h">
      <Filter>SceneObject</Filter>
    </ClInclude>
    <ClInclude Include="Classes\object\IPhysicsStaticObject.h">
      <Filter>SceneObject</Filter>
    </ClInclude>
    <ClInclude Include="Classes\object\ISceneObject.h">
      <Filter>SceneObject</Filter>
    </ClInclude>
    <ClInclude Include="Classes\object\IStaticObject.h">
      <Filter>SceneObject</Filter>
    </ClInclude>
  </ItemGroup>
  <ItemGroup>
    <Filter Include="SceneObject">
      <UniqueIdentifier>{f3e70694-1319-415a-87ce-e2fddd6839ac}</UniqueIdentifier>
    </Filter>
  </ItemGroup>
  <ItemGroup>
    <ClCompile Include="Classes\object\ISceneObject.cpp">
      <Filter>SceneObject</Filter>
    </ClCompile>
  </ItemGroup>
</Project>